// !$*UTF8*$!
{
	archiveVersion = 1;
	classes = {
	};
	objectVersion = 46;
	objects = {

/* Begin PBXBuildFile section */
		E314F86A1D93736600019BB5 /* WTabBarController.swift in Sources */ = {isa = PBXBuildFile; fileRef = E314F8691D93736600019BB5 /* WTabBarController.swift */; };
		E314F8711D94CF3C00019BB5 /* NJKWebViewProgress.m in Sources */ = {isa = PBXBuildFile; fileRef = E314F86E1D94CF3C00019BB5 /* NJKWebViewProgress.m */; };
		E314F8721D94CF3C00019BB5 /* NJKWebViewProgressView.m in Sources */ = {isa = PBXBuildFile; fileRef = E314F8701D94CF3C00019BB5 /* NJKWebViewProgressView.m */; };
		E3C084621D8FF4230089EC43 /* AppDelegate.swift in Sources */ = {isa = PBXBuildFile; fileRef = E3C084611D8FF4230089EC43 /* AppDelegate.swift */; };
		E3C084641D8FF4230089EC43 /* ViewController.swift in Sources */ = {isa = PBXBuildFile; fileRef = E3C084631D8FF4230089EC43 /* ViewController.swift */; };
		E3C084671D8FF4230089EC43 /* Main.storyboard in Resources */ = {isa = PBXBuildFile; fileRef = E3C084651D8FF4230089EC43 /* Main.storyboard */; };
		E3C084691D8FF4230089EC43 /* Assets.xcassets in Resources */ = {isa = PBXBuildFile; fileRef = E3C084681D8FF4230089EC43 /* Assets.xcassets */; };
		E3C0846C1D8FF4230089EC43 /* LaunchScreen.storyboard in Resources */ = {isa = PBXBuildFile; fileRef = E3C0846A1D8FF4230089EC43 /* LaunchScreen.storyboard */; };
		E3C084771D8FF4230089EC43 /* CProjectTests.swift in Sources */ = {isa = PBXBuildFile; fileRef = E3C084761D8FF4230089EC43 /* CProjectTests.swift */; };
		E3C084821D8FF4230089EC43 /* CProjectUITests.swift in Sources */ = {isa = PBXBuildFile; fileRef = E3C084811D8FF4230089EC43 /* CProjectUITests.swift */; };
		E3C084941D8FF5090089EC43 /* AFNetworking.framework in Frameworks */ = {isa = PBXBuildFile; fileRef = E3C084901D8FF5090089EC43 /* AFNetworking.framework */; };
		E3C084951D8FF5090089EC43 /* Alamofire.framework in Frameworks */ = {isa = PBXBuildFile; fileRef = E3C084911D8FF5090089EC43 /* Alamofire.framework */; };
		E3C084961D8FF5090089EC43 /* SnapKit.framework in Frameworks */ = {isa = PBXBuildFile; fileRef = E3C084921D8FF5090089EC43 /* SnapKit.framework */; };
		E3C084971D8FF5090089EC43 /* SVProgressHUD.framework in Frameworks */ = {isa = PBXBuildFile; fileRef = E3C084931D8FF5090089EC43 /* SVProgressHUD.framework */; };
		E3C0849E1D8FF5E70089EC43 /* AFNetworking.framework.dSYM in CopyFiles */ = {isa = PBXBuildFile; fileRef = E3C0849A1D8FF5E70089EC43 /* AFNetworking.framework.dSYM */; };
		E3C0849F1D8FF5E70089EC43 /* Alamofire.framework.dSYM in CopyFiles */ = {isa = PBXBuildFile; fileRef = E3C0849B1D8FF5E70089EC43 /* Alamofire.framework.dSYM */; };
		E3C084A01D8FF5E70089EC43 /* SnapKit.framework.dSYM in CopyFiles */ = {isa = PBXBuildFile; fileRef = E3C0849C1D8FF5E70089EC43 /* SnapKit.framework.dSYM */; };
		E3C084A11D8FF5E70089EC43 /* SVProgressHUD.framework.dSYM in CopyFiles */ = {isa = PBXBuildFile; fileRef = E3C0849D1D8FF5E70089EC43 /* SVProgressHUD.framework.dSYM */; };
		E3C084A51D903A5E0089EC43 /* WPFKeychain.swift in Sources */ = {isa = PBXBuildFile; fileRef = E3C084A41D903A5E0089EC43 /* WPFKeychain.swift */; };
		E3C084A71D903AC00089EC43 /* PDefine.swift in Sources */ = {isa = PBXBuildFile; fileRef = E3C084A61D903AC00089EC43 /* PDefine.swift */; };
		E3D3170C1D915D9B002ECA59 /* KeychainPasswordItem.swift in Sources */ = {isa = PBXBuildFile; fileRef = E3D3170B1D915D9B002ECA59 /* KeychainPasswordItem.swift */; };
		E3D3170F1D9178C7002ECA59 /* RootViewController.swift in Sources */ = {isa = PBXBuildFile; fileRef = E3D3170E1D9178C7002ECA59 /* RootViewController.swift */; };
		E3D317111D922BAF002ECA59 /* NetWorkHelper.swift in Sources */ = {isa = PBXBuildFile; fileRef = E3D317101D922BAF002ECA59 /* NetWorkHelper.swift */; };
		E3D317141D926733002ECA59 /* JSModel.swift in Sources */ = {isa = PBXBuildFile; fileRef = E3D317131D926733002ECA59 /* JSModel.swift */; };
		E3D317161D926EE9002ECA59 /* IAPHelper.swift in Sources */ = {isa = PBXBuildFile; fileRef = E3D317151D926EE9002ECA59 /* IAPHelper.swift */; };
		E3D317191D927A6E002ECA59 /* WebVC.swift in Sources */ = {isa = PBXBuildFile; fileRef = E3D317181D927A6E002ECA59 /* WebVC.swift */; };
		E3D85A6E1D95132B002DF00D /* AppStoreListVC.swift in Sources */ = {isa = PBXBuildFile; fileRef = E3D85A6D1D95132B002DF00D /* AppStoreListVC.swift */; };
		E3D85AD61D9657D3002DF00D /* AlipayHelper.m in Sources */ = {isa = PBXBuildFile; fileRef = E3D85A711D9657D3002DF00D /* AlipayHelper.m */; };
		E3D85AD71D9657D3002DF00D /* AlipaySDK.bundle in Resources */ = {isa = PBXBuildFile; fileRef = E3D85A721D9657D3002DF00D /* AlipaySDK.bundle */; };
		E3D85AD81D9657D3002DF00D /* AlipaySDK.framework in Frameworks */ = {isa = PBXBuildFile; fileRef = E3D85A731D9657D3002DF00D /* AlipaySDK.framework */; };
		E3D85AD91D9657D3002DF00D /* libcrypto.a in Frameworks */ = {isa = PBXBuildFile; fileRef = E3D85A741D9657D3002DF00D /* libcrypto.a */; };
		E3D85ADA1D9657D3002DF00D /* libssl.a in Frameworks */ = {isa = PBXBuildFile; fileRef = E3D85A751D9657D3002DF00D /* libssl.a */; };
		E3D85ADB1D9657D3002DF00D /* Order.m in Sources */ = {isa = PBXBuildFile; fileRef = E3D85AC31D9657D3002DF00D /* Order.m */; };
		E3D85ADC1D9657D3002DF00D /* base64.m in Sources */ = {isa = PBXBuildFile; fileRef = E3D85AC61D9657D3002DF00D /* base64.m */; };
		E3D85ADD1D9657D3002DF00D /* DataSigner.m in Sources */ = {isa = PBXBuildFile; fileRef = E3D85AC91D9657D3002DF00D /* DataSigner.m */; };
		E3D85ADE1D9657D3002DF00D /* DataVerifier.m in Sources */ = {isa = PBXBuildFile; fileRef = E3D85ACB1D9657D3002DF00D /* DataVerifier.m */; };
		E3D85ADF1D9657D3002DF00D /* MD5DataSigner.m in Sources */ = {isa = PBXBuildFile; fileRef = E3D85ACD1D9657D3002DF00D /* MD5DataSigner.m */; };
		E3D85AE01D9657D3002DF00D /* NSDataEx.m in Sources */ = {isa = PBXBuildFile; fileRef = E3D85ACF1D9657D3002DF00D /* NSDataEx.m */; };
		E3D85AE11D9657D3002DF00D /* openssl_wrapper.m in Sources */ = {isa = PBXBuildFile; fileRef = E3D85AD11D9657D3002DF00D /* openssl_wrapper.m */; };
		E3D85AE21D9657D3002DF00D /* RSADataSigner.m in Sources */ = {isa = PBXBuildFile; fileRef = E3D85AD31D9657D3002DF00D /* RSADataSigner.m */; };
		E3D85AE31D9657D3002DF00D /* RSADataVerifier.m in Sources */ = {isa = PBXBuildFile; fileRef = E3D85AD51D9657D3002DF00D /* RSADataVerifier.m */; };
		E3D85AE81D9663FA002DF00D /* CoreMotion.framework in Frameworks */ = {isa = PBXBuildFile; fileRef = E3D85AE71D9663FA002DF00D /* CoreMotion.framework */; };
		E3D85AEA1D966401002DF00D /* CFNetwork.framework in Frameworks */ = {isa = PBXBuildFile; fileRef = E3D85AE91D966401002DF00D /* CFNetwork.framework */; };
		E3D85AEC1D96640A002DF00D /* Foundation.framework in Frameworks */ = {isa = PBXBuildFile; fileRef = E3D85AEB1D96640A002DF00D /* Foundation.framework */; };
		E3D85AEE1D966411002DF00D /* UIKit.framework in Frameworks */ = {isa = PBXBuildFile; fileRef = E3D85AED1D966411002DF00D /* UIKit.framework */; };
		E3D85AF01D966419002DF00D /* CoreGraphics.framework in Frameworks */ = {isa = PBXBuildFile; fileRef = E3D85AEF1D966419002DF00D /* CoreGraphics.framework */; };
		E3D85AF21D966422002DF00D /* CoreText.framework in Frameworks */ = {isa = PBXBuildFile; fileRef = E3D85AF11D966422002DF00D /* CoreText.framework */; };
		E3D85AF41D96642A002DF00D /* QuartzCore.framework in Frameworks */ = {isa = PBXBuildFile; fileRef = E3D85AF31D96642A002DF00D /* QuartzCore.framework */; };
		E3D85AF61D966432002DF00D /* CoreTelephony.framework in Frameworks */ = {isa = PBXBuildFile; fileRef = E3D85AF51D966432002DF00D /* CoreTelephony.framework */; };
		E3D85AF81D96643B002DF00D /* SystemConfiguration.framework in Frameworks */ = {isa = PBXBuildFile; fileRef = E3D85AF71D96643B002DF00D /* SystemConfiguration.framework */; };
		E3D85AFA1D966442002DF00D /* libz.tbd in Frameworks */ = {isa = PBXBuildFile; fileRef = E3D85AF91D966442002DF00D /* libz.tbd */; };
		E3D85AFB1D96644A002DF00D /* libc++.tbd in Frameworks */ = {isa = PBXBuildFile; fileRef = E3D85AE51D9663F0002DF00D /* libc++.tbd */; };
		E3D85B111D966BDE002DF00D /* libWeChatSDK.a in Frameworks */ = {isa = PBXBuildFile; fileRef = E3D85AFD1D966BDE002DF00D /* libWeChatSDK.a */; };
		E3D85B121D966BDE002DF00D /* WechatHelper.m in Sources */ = {isa = PBXBuildFile; fileRef = E3D85B001D966BDE002DF00D /* WechatHelper.m */; };
		E3D85B131D966BDE002DF00D /* GetMessageFromWXResp+responseWithTextOrMediaMessage.m in Sources */ = {isa = PBXBuildFile; fileRef = E3D85B061D966BDE002DF00D /* GetMessageFromWXResp+responseWithTextOrMediaMessage.m */; settings = {COMPILER_FLAGS = "-fno-objc-arc"; }; };
		E3D85B141D966BDE002DF00D /* SendMessageToWXReq+requestWithTextOrMediaMessage.m in Sources */ = {isa = PBXBuildFile; fileRef = E3D85B081D966BDE002DF00D /* SendMessageToWXReq+requestWithTextOrMediaMessage.m */; settings = {COMPILER_FLAGS = "-fno-objc-arc"; }; };
		E3D85B151D966BDE002DF00D /* WXApiManager.m in Sources */ = {isa = PBXBuildFile; fileRef = E3D85B0A1D966BDE002DF00D /* WXApiManager.m */; settings = {COMPILER_FLAGS = "-fno-objc-arc"; }; };
		E3D85B161D966BDE002DF00D /* WXApiRequestHandler.m in Sources */ = {isa = PBXBuildFile; fileRef = E3D85B0C1D966BDE002DF00D /* WXApiRequestHandler.m */; settings = {COMPILER_FLAGS = "-fno-objc-arc"; }; };
		E3D85B171D966BDE002DF00D /* WXApiResponseHandler.m in Sources */ = {isa = PBXBuildFile; fileRef = E3D85B0E1D966BDE002DF00D /* WXApiResponseHandler.m */; settings = {COMPILER_FLAGS = "-fno-objc-arc"; }; };
		E3D85B181D966BDE002DF00D /* WXMediaMessage+messageConstruct.m in Sources */ = {isa = PBXBuildFile; fileRef = E3D85B101D966BDE002DF00D /* WXMediaMessage+messageConstruct.m */; settings = {COMPILER_FLAGS = "-fno-objc-arc"; }; };
		E3D85B1C1D966CEA002DF00D /* XMLDictionary.m in Sources */ = {isa = PBXBuildFile; fileRef = E3D85B1B1D966CEA002DF00D /* XMLDictionary.m */; };
		E3D85B1E1D967650002DF00D /* libsqlite3.tbd in Frameworks */ = {isa = PBXBuildFile; fileRef = E3D85B1D1D967650002DF00D /* libsqlite3.tbd */; };
/* End PBXBuildFile section */

/* Begin PBXContainerItemProxy section */
		E3C084731D8FF4230089EC43 /* PBXContainerItemProxy */ = {
			isa = PBXContainerItemProxy;
			containerPortal = E3C084561D8FF4230089EC43 /* Project object */;
			proxyType = 1;
			remoteGlobalIDString = E3C0845D1D8FF4230089EC43;
			remoteInfo = CProject;
		};
		E3C0847E1D8FF4230089EC43 /* PBXContainerItemProxy */ = {
			isa = PBXContainerItemProxy;
			containerPortal = E3C084561D8FF4230089EC43 /* Project object */;
			proxyType = 1;
			remoteGlobalIDString = E3C0845D1D8FF4230089EC43;
			remoteInfo = CProject;
		};
/* End PBXContainerItemProxy section */

/* Begin PBXCopyFilesBuildPhase section */
		E3C084991D8FF5B50089EC43 /* CopyFiles */ = {
			isa = PBXCopyFilesBuildPhase;
			buildActionMask = 2147483647;
			dstPath = "";
			dstSubfolderSpec = 16;
			files = (
				E3C0849E1D8FF5E70089EC43 /* AFNetworking.framework.dSYM in CopyFiles */,
				E3C0849F1D8FF5E70089EC43 /* Alamofire.framework.dSYM in CopyFiles */,
				E3C084A01D8FF5E70089EC43 /* SnapKit.framework.dSYM in CopyFiles */,
				E3C084A11D8FF5E70089EC43 /* SVProgressHUD.framework.dSYM in CopyFiles */,
			);
			runOnlyForDeploymentPostprocessing = 0;
		};
/* End PBXCopyFilesBuildPhase section */

/* Begin PBXFileReference section */
		E314F8691D93736600019BB5 /* WTabBarController.swift */ = {isa = PBXFileReference; fileEncoding = 4; lastKnownFileType = sourcecode.swift; path = WTabBarController.swift; sourceTree = "<group>"; };
		E314F86D1D94CF3C00019BB5 /* NJKWebViewProgress.h */ = {isa = PBXFileReference; fileEncoding = 4; lastKnownFileType = sourcecode.c.h; path = NJKWebViewProgress.h; sourceTree = "<group>"; };
		E314F86E1D94CF3C00019BB5 /* NJKWebViewProgress.m */ = {isa = PBXFileReference; fileEncoding = 4; lastKnownFileType = sourcecode.c.objc; path = NJKWebViewProgress.m; sourceTree = "<group>"; };
		E314F86F1D94CF3C00019BB5 /* NJKWebViewProgressView.h */ = {isa = PBXFileReference; fileEncoding = 4; lastKnownFileType = sourcecode.c.h; path = NJKWebViewProgressView.h; sourceTree = "<group>"; };
		E314F8701D94CF3C00019BB5 /* NJKWebViewProgressView.m */ = {isa = PBXFileReference; fileEncoding = 4; lastKnownFileType = sourcecode.c.objc; path = NJKWebViewProgressView.m; sourceTree = "<group>"; };
		E3C0845E1D8FF4230089EC43 /* CProject.app */ = {isa = PBXFileReference; explicitFileType = wrapper.application; includeInIndex = 0; path = CProject.app; sourceTree = BUILT_PRODUCTS_DIR; };
		E3C084611D8FF4230089EC43 /* AppDelegate.swift */ = {isa = PBXFileReference; lastKnownFileType = sourcecode.swift; path = AppDelegate.swift; sourceTree = "<group>"; };
		E3C084631D8FF4230089EC43 /* ViewController.swift */ = {isa = PBXFileReference; lastKnownFileType = sourcecode.swift; path = ViewController.swift; sourceTree = "<group>"; };
		E3C084661D8FF4230089EC43 /* Base */ = {isa = PBXFileReference; lastKnownFileType = file.storyboard; name = Base; path = Base.lproj/Main.storyboard; sourceTree = "<group>"; };
		E3C084681D8FF4230089EC43 /* Assets.xcassets */ = {isa = PBXFileReference; lastKnownFileType = folder.assetcatalog; path = Assets.xcassets; sourceTree = "<group>"; };
		E3C0846B1D8FF4230089EC43 /* Base */ = {isa = PBXFileReference; lastKnownFileType = file.storyboard; name = Base; path = Base.lproj/LaunchScreen.storyboard; sourceTree = "<group>"; };
		E3C0846D1D8FF4230089EC43 /* Info.plist */ = {isa = PBXFileReference; lastKnownFileType = text.plist.xml; path = Info.plist; sourceTree = "<group>"; };
		E3C084721D8FF4230089EC43 /* CProjectTests.xctest */ = {isa = PBXFileReference; explicitFileType = wrapper.cfbundle; includeInIndex = 0; path = CProjectTests.xctest; sourceTree = BUILT_PRODUCTS_DIR; };
		E3C084761D8FF4230089EC43 /* CProjectTests.swift */ = {isa = PBXFileReference; lastKnownFileType = sourcecode.swift; path = CProjectTests.swift; sourceTree = "<group>"; };
		E3C084781D8FF4230089EC43 /* Info.plist */ = {isa = PBXFileReference; lastKnownFileType = text.plist.xml; path = Info.plist; sourceTree = "<group>"; };
		E3C0847D1D8FF4230089EC43 /* CProjectUITests.xctest */ = {isa = PBXFileReference; explicitFileType = wrapper.cfbundle; includeInIndex = 0; path = CProjectUITests.xctest; sourceTree = BUILT_PRODUCTS_DIR; };
		E3C084811D8FF4230089EC43 /* CProjectUITests.swift */ = {isa = PBXFileReference; lastKnownFileType = sourcecode.swift; path = CProjectUITests.swift; sourceTree = "<group>"; };
		E3C084831D8FF4230089EC43 /* Info.plist */ = {isa = PBXFileReference; lastKnownFileType = text.plist.xml; path = Info.plist; sourceTree = "<group>"; };
		E3C084901D8FF5090089EC43 /* AFNetworking.framework */ = {isa = PBXFileReference; lastKnownFileType = wrapper.framework; name = AFNetworking.framework; path = Carthage/Build/iOS/AFNetworking.framework; sourceTree = "<group>"; };
		E3C084911D8FF5090089EC43 /* Alamofire.framework */ = {isa = PBXFileReference; lastKnownFileType = wrapper.framework; name = Alamofire.framework; path = Carthage/Build/iOS/Alamofire.framework; sourceTree = "<group>"; };
		E3C084921D8FF5090089EC43 /* SnapKit.framework */ = {isa = PBXFileReference; lastKnownFileType = wrapper.framework; name = SnapKit.framework; path = Carthage/Build/iOS/SnapKit.framework; sourceTree = "<group>"; };
		E3C084931D8FF5090089EC43 /* SVProgressHUD.framework */ = {isa = PBXFileReference; lastKnownFileType = wrapper.framework; name = SVProgressHUD.framework; path = Carthage/Build/iOS/SVProgressHUD.framework; sourceTree = "<group>"; };
		E3C0849A1D8FF5E70089EC43 /* AFNetworking.framework.dSYM */ = {isa = PBXFileReference; lastKnownFileType = wrapper.dsym; name = AFNetworking.framework.dSYM; path = ../../Carthage/Build/iOS/AFNetworking.framework.dSYM; sourceTree = "<group>"; };
		E3C0849B1D8FF5E70089EC43 /* Alamofire.framework.dSYM */ = {isa = PBXFileReference; lastKnownFileType = wrapper.dsym; name = Alamofire.framework.dSYM; path = ../../Carthage/Build/iOS/Alamofire.framework.dSYM; sourceTree = "<group>"; };
		E3C0849C1D8FF5E70089EC43 /* SnapKit.framework.dSYM */ = {isa = PBXFileReference; lastKnownFileType = wrapper.dsym; name = SnapKit.framework.dSYM; path = ../../Carthage/Build/iOS/SnapKit.framework.dSYM; sourceTree = "<group>"; };
		E3C0849D1D8FF5E70089EC43 /* SVProgressHUD.framework.dSYM */ = {isa = PBXFileReference; lastKnownFileType = wrapper.dsym; name = SVProgressHUD.framework.dSYM; path = ../../Carthage/Build/iOS/SVProgressHUD.framework.dSYM; sourceTree = "<group>"; };
		E3C084A41D903A5E0089EC43 /* WPFKeychain.swift */ = {isa = PBXFileReference; fileEncoding = 4; lastKnownFileType = sourcecode.swift; path = WPFKeychain.swift; sourceTree = "<group>"; };
		E3C084A61D903AC00089EC43 /* PDefine.swift */ = {isa = PBXFileReference; fileEncoding = 4; lastKnownFileType = sourcecode.swift; path = PDefine.swift; sourceTree = "<group>"; };
		E3D3170B1D915D9B002ECA59 /* KeychainPasswordItem.swift */ = {isa = PBXFileReference; fileEncoding = 4; lastKnownFileType = sourcecode.swift; path = KeychainPasswordItem.swift; sourceTree = "<group>"; };
		E3D3170E1D9178C7002ECA59 /* RootViewController.swift */ = {isa = PBXFileReference; fileEncoding = 4; lastKnownFileType = sourcecode.swift; path = RootViewController.swift; sourceTree = "<group>"; };
		E3D317101D922BAF002ECA59 /* NetWorkHelper.swift */ = {isa = PBXFileReference; fileEncoding = 4; lastKnownFileType = sourcecode.swift; path = NetWorkHelper.swift; sourceTree = "<group>"; };
		E3D317121D9253FC002ECA59 /* CProject-Bridging-Header.h */ = {isa = PBXFileReference; lastKnownFileType = sourcecode.c.h; path = "CProject-Bridging-Header.h"; sourceTree = "<group>"; };
		E3D317131D926733002ECA59 /* JSModel.swift */ = {isa = PBXFileReference; fileEncoding = 4; lastKnownFileType = sourcecode.swift; path = JSModel.swift; sourceTree = "<group>"; };
		E3D317151D926EE9002ECA59 /* IAPHelper.swift */ = {isa = PBXFileReference; fileEncoding = 4; lastKnownFileType = sourcecode.swift; path = IAPHelper.swift; sourceTree = "<group>"; };
		E3D317181D927A6E002ECA59 /* WebVC.swift */ = {isa = PBXFileReference; fileEncoding = 4; lastKnownFileType = sourcecode.swift; path = WebVC.swift; sourceTree = "<group>"; };
		E3D85A6D1D95132B002DF00D /* AppStoreListVC.swift */ = {isa = PBXFileReference; fileEncoding = 4; lastKnownFileType = sourcecode.swift; path = AppStoreListVC.swift; sourceTree = "<group>"; };
		E3D85A701D9657D3002DF00D /* AlipayHelper.h */ = {isa = PBXFileReference; fileEncoding = 4; lastKnownFileType = sourcecode.c.h; path = AlipayHelper.h; sourceTree = "<group>"; };
		E3D85A711D9657D3002DF00D /* AlipayHelper.m */ = {isa = PBXFileReference; fileEncoding = 4; lastKnownFileType = sourcecode.c.objc; path = AlipayHelper.m; sourceTree = "<group>"; };
		E3D85A721D9657D3002DF00D /* AlipaySDK.bundle */ = {isa = PBXFileReference; lastKnownFileType = "wrapper.plug-in"; path = AlipaySDK.bundle; sourceTree = "<group>"; };
		E3D85A731D9657D3002DF00D /* AlipaySDK.framework */ = {isa = PBXFileReference; lastKnownFileType = wrapper.framework; path = AlipaySDK.framework; sourceTree = "<group>"; };
		E3D85A741D9657D3002DF00D /* libcrypto.a */ = {isa = PBXFileReference; lastKnownFileType = archive.ar; path = libcrypto.a; sourceTree = "<group>"; };
		E3D85A751D9657D3002DF00D /* libssl.a */ = {isa = PBXFileReference; lastKnownFileType = archive.ar; path = libssl.a; sourceTree = "<group>"; };
		E3D85A771D9657D3002DF00D /* aes.h */ = {isa = PBXFileReference; fileEncoding = 4; lastKnownFileType = sourcecode.c.h; path = aes.h; sourceTree = "<group>"; };
		E3D85A781D9657D3002DF00D /* asn1.h */ = {isa = PBXFileReference; fileEncoding = 4; lastKnownFileType = sourcecode.c.h; path = asn1.h; sourceTree = "<group>"; };
		E3D85A791D9657D3002DF00D /* asn1_mac.h */ = {isa = PBXFileReference; fileEncoding = 4; lastKnownFileType = sourcecode.c.h; path = asn1_mac.h; sourceTree = "<group>"; };
		E3D85A7A1D9657D3002DF00D /* asn1t.h */ = {isa = PBXFileReference; fileEncoding = 4; lastKnownFileType = sourcecode.c.h; path = asn1t.h; sourceTree = "<group>"; };
		E3D85A7B1D9657D3002DF00D /* bio.h */ = {isa = PBXFileReference; fileEncoding = 4; lastKnownFileType = sourcecode.c.h; path = bio.h; sourceTree = "<group>"; };
		E3D85A7C1D9657D3002DF00D /* blowfish.h */ = {isa = PBXFileReference; fileEncoding = 4; lastKnownFileType = sourcecode.c.h; path = blowfish.h; sourceTree = "<group>"; };
		E3D85A7D1D9657D3002DF00D /* bn.h */ = {isa = PBXFileReference; fileEncoding = 4; lastKnownFileType = sourcecode.c.h; path = bn.h; sourceTree = "<group>"; };
		E3D85A7E1D9657D3002DF00D /* buffer.h */ = {isa = PBXFileReference; fileEncoding = 4; lastKnownFileType = sourcecode.c.h; path = buffer.h; sourceTree = "<group>"; };
		E3D85A7F1D9657D3002DF00D /* camellia.h */ = {isa = PBXFileReference; fileEncoding = 4; lastKnownFileType = sourcecode.c.h; path = camellia.h; sourceTree = "<group>"; };
		E3D85A801D9657D3002DF00D /* cast.h */ = {isa = PBXFileReference; fileEncoding = 4; lastKnownFileType = sourcecode.c.h; path = cast.h; sourceTree = "<group>"; };
		E3D85A811D9657D3002DF00D /* cmac.h */ = {isa = PBXFileReference; fileEncoding = 4; lastKnownFileType = sourcecode.c.h; path = cmac.h; sourceTree = "<group>"; };
		E3D85A821D9657D3002DF00D /* cms.h */ = {isa = PBXFileReference; fileEncoding = 4; lastKnownFileType = sourcecode.c.h; path = cms.h; sourceTree = "<group>"; };
		E3D85A831D9657D3002DF00D /* comp.h */ = {isa = PBXFileReference; fileEncoding = 4; lastKnownFileType = sourcecode.c.h; path = comp.h; sourceTree = "<group>"; };
		E3D85A841D9657D3002DF00D /* conf.h */ = {isa = PBXFileReference; fileEncoding = 4; lastKnownFileType = sourcecode.c.h; path = conf.h; sourceTree = "<group>"; };
		E3D85A851D9657D3002DF00D /* conf_api.h */ = {isa = PBXFileReference; fileEncoding = 4; lastKnownFileType = sourcecode.c.h; path = conf_api.h; sourceTree = "<group>"; };
		E3D85A861D9657D3002DF00D /* crypto.h */ = {isa = PBXFileReference; fileEncoding = 4; lastKnownFileType = sourcecode.c.h; path = crypto.h; sourceTree = "<group>"; };
		E3D85A871D9657D3002DF00D /* des.h */ = {isa = PBXFileReference; fileEncoding = 4; lastKnownFileType = sourcecode.c.h; path = des.h; sourceTree = "<group>"; };
		E3D85A881D9657D3002DF00D /* des_old.h */ = {isa = PBXFileReference; fileEncoding = 4; lastKnownFileType = sourcecode.c.h; path = des_old.h; sourceTree = "<group>"; };
		E3D85A891D9657D3002DF00D /* dh.h */ = {isa = PBXFileReference; fileEncoding = 4; lastKnownFileType = sourcecode.c.h; path = dh.h; sourceTree = "<group>"; };
		E3D85A8A1D9657D3002DF00D /* dsa.h */ = {isa = PBXFileReference; fileEncoding = 4; lastKnownFileType = sourcecode.c.h; path = dsa.h; sourceTree = "<group>"; };
		E3D85A8B1D9657D3002DF00D /* dso.h */ = {isa = PBXFileReference; fileEncoding = 4; lastKnownFileType = sourcecode.c.h; path = dso.h; sourceTree = "<group>"; };
		E3D85A8C1D9657D3002DF00D /* dtls1.h */ = {isa = PBXFileReference; fileEncoding = 4; lastKnownFileType = sourcecode.c.h; path = dtls1.h; sourceTree = "<group>"; };
		E3D85A8D1D9657D3002DF00D /* e_os2.h */ = {isa = PBXFileReference; fileEncoding = 4; lastKnownFileType = sourcecode.c.h; path = e_os2.h; sourceTree = "<group>"; };
		E3D85A8E1D9657D3002DF00D /* ebcdic.h */ = {isa = PBXFileReference; fileEncoding = 4; lastKnownFileType = sourcecode.c.h; path = ebcdic.h; sourceTree = "<group>"; };
		E3D85A8F1D9657D3002DF00D /* ec.h */ = {isa = PBXFileReference; fileEncoding = 4; lastKnownFileType = sourcecode.c.h; path = ec.h; sourceTree = "<group>"; };
		E3D85A901D9657D3002DF00D /* ecdh.h */ = {isa = PBXFileReference; fileEncoding = 4; lastKnownFileType = sourcecode.c.h; path = ecdh.h; sourceTree = "<group>"; };
		E3D85A911D9657D3002DF00D /* ecdsa.h */ = {isa = PBXFileReference; fileEncoding = 4; lastKnownFileType = sourcecode.c.h; path = ecdsa.h; sourceTree = "<group>"; };
		E3D85A921D9657D3002DF00D /* engine.h */ = {isa = PBXFileReference; fileEncoding = 4; lastKnownFileType = sourcecode.c.h; path = engine.h; sourceTree = "<group>"; };
		E3D85A931D9657D3002DF00D /* err.h */ = {isa = PBXFileReference; fileEncoding = 4; lastKnownFileType = sourcecode.c.h; path = err.h; sourceTree = "<group>"; };
		E3D85A941D9657D3002DF00D /* evp.h */ = {isa = PBXFileReference; fileEncoding = 4; lastKnownFileType = sourcecode.c.h; path = evp.h; sourceTree = "<group>"; };
		E3D85A951D9657D3002DF00D /* hmac.h */ = {isa = PBXFileReference; fileEncoding = 4; lastKnownFileType = sourcecode.c.h; path = hmac.h; sourceTree = "<group>"; };
		E3D85A961D9657D3002DF00D /* idea.h */ = {isa = PBXFileReference; fileEncoding = 4; lastKnownFileType = sourcecode.c.h; path = idea.h; sourceTree = "<group>"; };
		E3D85A971D9657D3002DF00D /* krb5_asn.h */ = {isa = PBXFileReference; fileEncoding = 4; lastKnownFileType = sourcecode.c.h; path = krb5_asn.h; sourceTree = "<group>"; };
		E3D85A981D9657D3002DF00D /* kssl.h */ = {isa = PBXFileReference; fileEncoding = 4; lastKnownFileType = sourcecode.c.h; path = kssl.h; sourceTree = "<group>"; };
		E3D85A991D9657D3002DF00D /* lhash.h */ = {isa = PBXFileReference; fileEncoding = 4; lastKnownFileType = sourcecode.c.h; path = lhash.h; sourceTree = "<group>"; };
		E3D85A9A1D9657D3002DF00D /* md4.h */ = {isa = PBXFileReference; fileEncoding = 4; lastKnownFileType = sourcecode.c.h; path = md4.h; sourceTree = "<group>"; };
		E3D85A9B1D9657D3002DF00D /* md5.h */ = {isa = PBXFileReference; fileEncoding = 4; lastKnownFileType = sourcecode.c.h; path = md5.h; sourceTree = "<group>"; };
		E3D85A9C1D9657D3002DF00D /* mdc2.h */ = {isa = PBXFileReference; fileEncoding = 4; lastKnownFileType = sourcecode.c.h; path = mdc2.h; sourceTree = "<group>"; };
		E3D85A9D1D9657D3002DF00D /* modes.h */ = {isa = PBXFileReference; fileEncoding = 4; lastKnownFileType = sourcecode.c.h; path = modes.h; sourceTree = "<group>"; };
		E3D85A9E1D9657D3002DF00D /* obj_mac.h */ = {isa = PBXFileReference; fileEncoding = 4; lastKnownFileType = sourcecode.c.h; path = obj_mac.h; sourceTree = "<group>"; };
		E3D85A9F1D9657D3002DF00D /* objects.h */ = {isa = PBXFileReference; fileEncoding = 4; lastKnownFileType = sourcecode.c.h; path = objects.h; sourceTree = "<group>"; };
		E3D85AA01D9657D3002DF00D /* ocsp.h */ = {isa = PBXFileReference; fileEncoding = 4; lastKnownFileType = sourcecode.c.h; path = ocsp.h; sourceTree = "<group>"; };
		E3D85AA11D9657D3002DF00D /* opensslconf.h */ = {isa = PBXFileReference; fileEncoding = 4; lastKnownFileType = sourcecode.c.h; path = opensslconf.h; sourceTree = "<group>"; };
		E3D85AA21D9657D3002DF00D /* opensslv.h */ = {isa = PBXFileReference; fileEncoding = 4; lastKnownFileType = sourcecode.c.h; path = opensslv.h; sourceTree = "<group>"; };
		E3D85AA31D9657D3002DF00D /* ossl_typ.h */ = {isa = PBXFileReference; fileEncoding = 4; lastKnownFileType = sourcecode.c.h; path = ossl_typ.h; sourceTree = "<group>"; };
		E3D85AA41D9657D3002DF00D /* pem.h */ = {isa = PBXFileReference; fileEncoding = 4; lastKnownFileType = sourcecode.c.h; path = pem.h; sourceTree = "<group>"; };
		E3D85AA51D9657D3002DF00D /* pem2.h */ = {isa = PBXFileReference; fileEncoding = 4; lastKnownFileType = sourcecode.c.h; path = pem2.h; sourceTree = "<group>"; };
		E3D85AA61D9657D3002DF00D /* pkcs12.h */ = {isa = PBXFileReference; fileEncoding = 4; lastKnownFileType = sourcecode.c.h; path = pkcs12.h; sourceTree = "<group>"; };
		E3D85AA71D9657D3002DF00D /* pkcs7.h */ = {isa = PBXFileReference; fileEncoding = 4; lastKnownFileType = sourcecode.c.h; path = pkcs7.h; sourceTree = "<group>"; };
		E3D85AA81D9657D3002DF00D /* pqueue.h */ = {isa = PBXFileReference; fileEncoding = 4; lastKnownFileType = sourcecode.c.h; path = pqueue.h; sourceTree = "<group>"; };
		E3D85AA91D9657D3002DF00D /* rand.h */ = {isa = PBXFileReference; fileEncoding = 4; lastKnownFileType = sourcecode.c.h; path = rand.h; sourceTree = "<group>"; };
		E3D85AAA1D9657D3002DF00D /* rc2.h */ = {isa = PBXFileReference; fileEncoding = 4; lastKnownFileType = sourcecode.c.h; path = rc2.h; sourceTree = "<group>"; };
		E3D85AAB1D9657D3002DF00D /* rc4.h */ = {isa = PBXFileReference; fileEncoding = 4; lastKnownFileType = sourcecode.c.h; path = rc4.h; sourceTree = "<group>"; };
		E3D85AAC1D9657D3002DF00D /* ripemd.h */ = {isa = PBXFileReference; fileEncoding = 4; lastKnownFileType = sourcecode.c.h; path = ripemd.h; sourceTree = "<group>"; };
		E3D85AAD1D9657D3002DF00D /* rsa.h */ = {isa = PBXFileReference; fileEncoding = 4; lastKnownFileType = sourcecode.c.h; path = rsa.h; sourceTree = "<group>"; };
		E3D85AAE1D9657D3002DF00D /* safestack.h */ = {isa = PBXFileReference; fileEncoding = 4; lastKnownFileType = sourcecode.c.h; path = safestack.h; sourceTree = "<group>"; };
		E3D85AAF1D9657D3002DF00D /* seed.h */ = {isa = PBXFileReference; fileEncoding = 4; lastKnownFileType = sourcecode.c.h; path = seed.h; sourceTree = "<group>"; };
		E3D85AB01D9657D3002DF00D /* sha.h */ = {isa = PBXFileReference; fileEncoding = 4; lastKnownFileType = sourcecode.c.h; path = sha.h; sourceTree = "<group>"; };
		E3D85AB11D9657D3002DF00D /* srp.h */ = {isa = PBXFileReference; fileEncoding = 4; lastKnownFileType = sourcecode.c.h; path = srp.h; sourceTree = "<group>"; };
		E3D85AB21D9657D3002DF00D /* srtp.h */ = {isa = PBXFileReference; fileEncoding = 4; lastKnownFileType = sourcecode.c.h; path = srtp.h; sourceTree = "<group>"; };
		E3D85AB31D9657D3002DF00D /* ssl.h */ = {isa = PBXFileReference; fileEncoding = 4; lastKnownFileType = sourcecode.c.h; path = ssl.h; sourceTree = "<group>"; };
		E3D85AB41D9657D3002DF00D /* ssl2.h */ = {isa = PBXFileReference; fileEncoding = 4; lastKnownFileType = sourcecode.c.h; path = ssl2.h; sourceTree = "<group>"; };
		E3D85AB51D9657D3002DF00D /* ssl23.h */ = {isa = PBXFileReference; fileEncoding = 4; lastKnownFileType = sourcecode.c.h; path = ssl23.h; sourceTree = "<group>"; };
		E3D85AB61D9657D3002DF00D /* ssl3.h */ = {isa = PBXFileReference; fileEncoding = 4; lastKnownFileType = sourcecode.c.h; path = ssl3.h; sourceTree = "<group>"; };
		E3D85AB71D9657D3002DF00D /* stack.h */ = {isa = PBXFileReference; fileEncoding = 4; lastKnownFileType = sourcecode.c.h; path = stack.h; sourceTree = "<group>"; };
		E3D85AB81D9657D3002DF00D /* symhacks.h */ = {isa = PBXFileReference; fileEncoding = 4; lastKnownFileType = sourcecode.c.h; path = symhacks.h; sourceTree = "<group>"; };
		E3D85AB91D9657D3002DF00D /* tls1.h */ = {isa = PBXFileReference; fileEncoding = 4; lastKnownFileType = sourcecode.c.h; path = tls1.h; sourceTree = "<group>"; };
		E3D85ABA1D9657D3002DF00D /* ts.h */ = {isa = PBXFileReference; fileEncoding = 4; lastKnownFileType = sourcecode.c.h; path = ts.h; sourceTree = "<group>"; };
		E3D85ABB1D9657D3002DF00D /* txt_db.h */ = {isa = PBXFileReference; fileEncoding = 4; lastKnownFileType = sourcecode.c.h; path = txt_db.h; sourceTree = "<group>"; };
		E3D85ABC1D9657D3002DF00D /* ui.h */ = {isa = PBXFileReference; fileEncoding = 4; lastKnownFileType = sourcecode.c.h; path = ui.h; sourceTree = "<group>"; };
		E3D85ABD1D9657D3002DF00D /* ui_compat.h */ = {isa = PBXFileReference; fileEncoding = 4; lastKnownFileType = sourcecode.c.h; path = ui_compat.h; sourceTree = "<group>"; };
		E3D85ABE1D9657D3002DF00D /* whrlpool.h */ = {isa = PBXFileReference; fileEncoding = 4; lastKnownFileType = sourcecode.c.h; path = whrlpool.h; sourceTree = "<group>"; };
		E3D85ABF1D9657D3002DF00D /* x509.h */ = {isa = PBXFileReference; fileEncoding = 4; lastKnownFileType = sourcecode.c.h; path = x509.h; sourceTree = "<group>"; };
		E3D85AC01D9657D3002DF00D /* x509_vfy.h */ = {isa = PBXFileReference; fileEncoding = 4; lastKnownFileType = sourcecode.c.h; path = x509_vfy.h; sourceTree = "<group>"; };
		E3D85AC11D9657D3002DF00D /* x509v3.h */ = {isa = PBXFileReference; fileEncoding = 4; lastKnownFileType = sourcecode.c.h; path = x509v3.h; sourceTree = "<group>"; };
		E3D85AC21D9657D3002DF00D /* Order.h */ = {isa = PBXFileReference; fileEncoding = 4; lastKnownFileType = sourcecode.c.h; path = Order.h; sourceTree = "<group>"; };
		E3D85AC31D9657D3002DF00D /* Order.m */ = {isa = PBXFileReference; fileEncoding = 4; lastKnownFileType = sourcecode.c.objc; path = Order.m; sourceTree = "<group>"; };
		E3D85AC51D9657D3002DF00D /* base64.h */ = {isa = PBXFileReference; fileEncoding = 4; lastKnownFileType = sourcecode.c.h; path = base64.h; sourceTree = "<group>"; };
		E3D85AC61D9657D3002DF00D /* base64.m */ = {isa = PBXFileReference; fileEncoding = 4; lastKnownFileType = sourcecode.c.objc; path = base64.m; sourceTree = "<group>"; };
		E3D85AC71D9657D3002DF00D /* config.h */ = {isa = PBXFileReference; fileEncoding = 4; lastKnownFileType = sourcecode.c.h; path = config.h; sourceTree = "<group>"; };
		E3D85AC81D9657D3002DF00D /* DataSigner.h */ = {isa = PBXFileReference; fileEncoding = 4; lastKnownFileType = sourcecode.c.h; path = DataSigner.h; sourceTree = "<group>"; };
		E3D85AC91D9657D3002DF00D /* DataSigner.m */ = {isa = PBXFileReference; fileEncoding = 4; lastKnownFileType = sourcecode.c.objc; path = DataSigner.m; sourceTree = "<group>"; };
		E3D85ACA1D9657D3002DF00D /* DataVerifier.h */ = {isa = PBXFileReference; fileEncoding = 4; lastKnownFileType = sourcecode.c.h; path = DataVerifier.h; sourceTree = "<group>"; };
		E3D85ACB1D9657D3002DF00D /* DataVerifier.m */ = {isa = PBXFileReference; fileEncoding = 4; lastKnownFileType = sourcecode.c.objc; path = DataVerifier.m; sourceTree = "<group>"; };
		E3D85ACC1D9657D3002DF00D /* MD5DataSigner.h */ = {isa = PBXFileReference; fileEncoding = 4; lastKnownFileType = sourcecode.c.h; path = MD5DataSigner.h; sourceTree = "<group>"; };
		E3D85ACD1D9657D3002DF00D /* MD5DataSigner.m */ = {isa = PBXFileReference; fileEncoding = 4; lastKnownFileType = sourcecode.c.objc; path = MD5DataSigner.m; sourceTree = "<group>"; };
		E3D85ACE1D9657D3002DF00D /* NSDataEx.h */ = {isa = PBXFileReference; fileEncoding = 4; lastKnownFileType = sourcecode.c.h; path = NSDataEx.h; sourceTree = "<group>"; };
		E3D85ACF1D9657D3002DF00D /* NSDataEx.m */ = {isa = PBXFileReference; fileEncoding = 4; lastKnownFileType = sourcecode.c.objc; path = NSDataEx.m; sourceTree = "<group>"; };
		E3D85AD01D9657D3002DF00D /* openssl_wrapper.h */ = {isa = PBXFileReference; fileEncoding = 4; lastKnownFileType = sourcecode.c.h; path = openssl_wrapper.h; sourceTree = "<group>"; };
		E3D85AD11D9657D3002DF00D /* openssl_wrapper.m */ = {isa = PBXFileReference; fileEncoding = 4; lastKnownFileType = sourcecode.c.objc; path = openssl_wrapper.m; sourceTree = "<group>"; };
		E3D85AD21D9657D3002DF00D /* RSADataSigner.h */ = {isa = PBXFileReference; fileEncoding = 4; lastKnownFileType = sourcecode.c.h; path = RSADataSigner.h; sourceTree = "<group>"; };
		E3D85AD31D9657D3002DF00D /* RSADataSigner.m */ = {isa = PBXFileReference; fileEncoding = 4; lastKnownFileType = sourcecode.c.objc; path = RSADataSigner.m; sourceTree = "<group>"; };
		E3D85AD41D9657D3002DF00D /* RSADataVerifier.h */ = {isa = PBXFileReference; fileEncoding = 4; lastKnownFileType = sourcecode.c.h; path = RSADataVerifier.h; sourceTree = "<group>"; };
		E3D85AD51D9657D3002DF00D /* RSADataVerifier.m */ = {isa = PBXFileReference; fileEncoding = 4; lastKnownFileType = sourcecode.c.objc; path = RSADataVerifier.m; sourceTree = "<group>"; };
		E3D85AE41D96635B002DF00D /* CProject.pch */ = {isa = PBXFileReference; lastKnownFileType = sourcecode.c.h; path = CProject.pch; sourceTree = "<group>"; };
		E3D85AE51D9663F0002DF00D /* libc++.tbd */ = {isa = PBXFileReference; lastKnownFileType = "sourcecode.text-based-dylib-definition"; name = "libc++.tbd"; path = "usr/lib/libc++.tbd"; sourceTree = SDKROOT; };
		E3D85AE71D9663FA002DF00D /* CoreMotion.framework */ = {isa = PBXFileReference; lastKnownFileType = wrapper.framework; name = CoreMotion.framework; path = System/Library/Frameworks/CoreMotion.framework; sourceTree = SDKROOT; };
		E3D85AE91D966401002DF00D /* CFNetwork.framework */ = {isa = PBXFileReference; lastKnownFileType = wrapper.framework; name = CFNetwork.framework; path = System/Library/Frameworks/CFNetwork.framework; sourceTree = SDKROOT; };
		E3D85AEB1D96640A002DF00D /* Foundation.framework */ = {isa = PBXFileReference; lastKnownFileType = wrapper.framework; name = Foundation.framework; path = System/Library/Frameworks/Foundation.framework; sourceTree = SDKROOT; };
		E3D85AED1D966411002DF00D /* UIKit.framework */ = {isa = PBXFileReference; lastKnownFileType = wrapper.framework; name = UIKit.framework; path = System/Library/Frameworks/UIKit.framework; sourceTree = SDKROOT; };
		E3D85AEF1D966419002DF00D /* CoreGraphics.framework */ = {isa = PBXFileReference; lastKnownFileType = wrapper.framework; name = CoreGraphics.framework; path = System/Library/Frameworks/CoreGraphics.framework; sourceTree = SDKROOT; };
		E3D85AF11D966422002DF00D /* CoreText.framework */ = {isa = PBXFileReference; lastKnownFileType = wrapper.framework; name = CoreText.framework; path = System/Library/Frameworks/CoreText.framework; sourceTree = SDKROOT; };
		E3D85AF31D96642A002DF00D /* QuartzCore.framework */ = {isa = PBXFileReference; lastKnownFileType = wrapper.framework; name = QuartzCore.framework; path = System/Library/Frameworks/QuartzCore.framework; sourceTree = SDKROOT; };
		E3D85AF51D966432002DF00D /* CoreTelephony.framework */ = {isa = PBXFileReference; lastKnownFileType = wrapper.framework; name = CoreTelephony.framework; path = System/Library/Frameworks/CoreTelephony.framework; sourceTree = SDKROOT; };
		E3D85AF71D96643B002DF00D /* SystemConfiguration.framework */ = {isa = PBXFileReference; lastKnownFileType = wrapper.framework; name = SystemConfiguration.framework; path = System/Library/Frameworks/SystemConfiguration.framework; sourceTree = SDKROOT; };
		E3D85AF91D966442002DF00D /* libz.tbd */ = {isa = PBXFileReference; lastKnownFileType = "sourcecode.text-based-dylib-definition"; name = libz.tbd; path = usr/lib/libz.tbd; sourceTree = SDKROOT; };
		E3D85AFD1D966BDE002DF00D /* libWeChatSDK.a */ = {isa = PBXFileReference; lastKnownFileType = archive.ar; path = libWeChatSDK.a; sourceTree = "<group>"; };
		E3D85AFE1D966BDE002DF00D /* WechatAuthSDK.h */ = {isa = PBXFileReference; fileEncoding = 4; lastKnownFileType = sourcecode.c.h; path = WechatAuthSDK.h; sourceTree = "<group>"; };
		E3D85AFF1D966BDE002DF00D /* WechatHelper.h */ = {isa = PBXFileReference; fileEncoding = 4; lastKnownFileType = sourcecode.c.h; path = WechatHelper.h; sourceTree = "<group>"; };
		E3D85B001D966BDE002DF00D /* WechatHelper.m */ = {isa = PBXFileReference; fileEncoding = 4; lastKnownFileType = sourcecode.c.objc; path = WechatHelper.m; sourceTree = "<group>"; };
		E3D85B011D966BDE002DF00D /* WXApi.h */ = {isa = PBXFileReference; fileEncoding = 4; lastKnownFileType = sourcecode.c.h; path = WXApi.h; sourceTree = "<group>"; };
		E3D85B021D966BDE002DF00D /* WXApiObject.h */ = {isa = PBXFileReference; fileEncoding = 4; lastKnownFileType = sourcecode.c.h; path = WXApiObject.h; sourceTree = "<group>"; };
		E3D85B041D966BDE002DF00D /* Constant.h */ = {isa = PBXFileReference; fileEncoding = 4; lastKnownFileType = sourcecode.c.h; path = Constant.h; sourceTree = "<group>"; };
		E3D85B051D966BDE002DF00D /* GetMessageFromWXResp+responseWithTextOrMediaMessage.h */ = {isa = PBXFileReference; fileEncoding = 4; lastKnownFileType = sourcecode.c.h; path = "GetMessageFromWXResp+responseWithTextOrMediaMessage.h"; sourceTree = "<group>"; };
		E3D85B061D966BDE002DF00D /* GetMessageFromWXResp+responseWithTextOrMediaMessage.m */ = {isa = PBXFileReference; fileEncoding = 4; lastKnownFileType = sourcecode.c.objc; path = "GetMessageFromWXResp+responseWithTextOrMediaMessage.m"; sourceTree = "<group>"; };
		E3D85B071D966BDE002DF00D /* SendMessageToWXReq+requestWithTextOrMediaMessage.h */ = {isa = PBXFileReference; fileEncoding = 4; lastKnownFileType = sourcecode.c.h; path = "SendMessageToWXReq+requestWithTextOrMediaMessage.h"; sourceTree = "<group>"; };
		E3D85B081D966BDE002DF00D /* SendMessageToWXReq+requestWithTextOrMediaMessage.m */ = {isa = PBXFileReference; fileEncoding = 4; lastKnownFileType = sourcecode.c.objc; path = "SendMessageToWXReq+requestWithTextOrMediaMessage.m"; sourceTree = "<group>"; };
		E3D85B091D966BDE002DF00D /* WXApiManager.h */ = {isa = PBXFileReference; fileEncoding = 4; lastKnownFileType = sourcecode.c.h; path = WXApiManager.h; sourceTree = "<group>"; };
		E3D85B0A1D966BDE002DF00D /* WXApiManager.m */ = {isa = PBXFileReference; fileEncoding = 4; lastKnownFileType = sourcecode.c.objc; path = WXApiManager.m; sourceTree = "<group>"; };
		E3D85B0B1D966BDE002DF00D /* WXApiRequestHandler.h */ = {isa = PBXFileReference; fileEncoding = 4; lastKnownFileType = sourcecode.c.h; path = WXApiRequestHandler.h; sourceTree = "<group>"; };
		E3D85B0C1D966BDE002DF00D /* WXApiRequestHandler.m */ = {isa = PBXFileReference; fileEncoding = 4; lastKnownFileType = sourcecode.c.objc; path = WXApiRequestHandler.m; sourceTree = "<group>"; };
		E3D85B0D1D966BDE002DF00D /* WXApiResponseHandler.h */ = {isa = PBXFileReference; fileEncoding = 4; lastKnownFileType = sourcecode.c.h; path = WXApiResponseHandler.h; sourceTree = "<group>"; };
		E3D85B0E1D966BDE002DF00D /* WXApiResponseHandler.m */ = {isa = PBXFileReference; fileEncoding = 4; lastKnownFileType = sourcecode.c.objc; path = WXApiResponseHandler.m; sourceTree = "<group>"; };
		E3D85B0F1D966BDE002DF00D /* WXMediaMessage+messageConstruct.h */ = {isa = PBXFileReference; fileEncoding = 4; lastKnownFileType = sourcecode.c.h; path = "WXMediaMessage+messageConstruct.h"; sourceTree = "<group>"; };
		E3D85B101D966BDE002DF00D /* WXMediaMessage+messageConstruct.m */ = {isa = PBXFileReference; fileEncoding = 4; lastKnownFileType = sourcecode.c.objc; path = "WXMediaMessage+messageConstruct.m"; sourceTree = "<group>"; };
		E3D85B1A1D966CEA002DF00D /* XMLDictionary.h */ = {isa = PBXFileReference; fileEncoding = 4; lastKnownFileType = sourcecode.c.h; path = XMLDictionary.h; sourceTree = "<group>"; };
		E3D85B1B1D966CEA002DF00D /* XMLDictionary.m */ = {isa = PBXFileReference; fileEncoding = 4; lastKnownFileType = sourcecode.c.objc; path = XMLDictionary.m; sourceTree = "<group>"; };
		E3D85B1D1D967650002DF00D /* libsqlite3.tbd */ = {isa = PBXFileReference; lastKnownFileType = "sourcecode.text-based-dylib-definition"; name = libsqlite3.tbd; path = usr/lib/libsqlite3.tbd; sourceTree = SDKROOT; };
/* End PBXFileReference section */

/* Begin PBXFrameworksBuildPhase section */
		E3C0845B1D8FF4230089EC43 /* Frameworks */ = {
			isa = PBXFrameworksBuildPhase;
			buildActionMask = 2147483647;
			files = (
				E3D85B1E1D967650002DF00D /* libsqlite3.tbd in Frameworks */,
				E3D85AFB1D96644A002DF00D /* libc++.tbd in Frameworks */,
				E3D85AFA1D966442002DF00D /* libz.tbd in Frameworks */,
				E3D85AF81D96643B002DF00D /* SystemConfiguration.framework in Frameworks */,
				E3D85AF61D966432002DF00D /* CoreTelephony.framework in Frameworks */,
				E3D85AF41D96642A002DF00D /* QuartzCore.framework in Frameworks */,
				E3D85AF21D966422002DF00D /* CoreText.framework in Frameworks */,
				E3D85AF01D966419002DF00D /* CoreGraphics.framework in Frameworks */,
				E3D85AEE1D966411002DF00D /* UIKit.framework in Frameworks */,
				E3D85AEC1D96640A002DF00D /* Foundation.framework in Frameworks */,
				E3D85AEA1D966401002DF00D /* CFNetwork.framework in Frameworks */,
				E3D85AE81D9663FA002DF00D /* CoreMotion.framework in Frameworks */,
				E3C084941D8FF5090089EC43 /* AFNetworking.framework in Frameworks */,
				E3D85B111D966BDE002DF00D /* libWeChatSDK.a in Frameworks */,
				E3D85AD81D9657D3002DF00D /* AlipaySDK.framework in Frameworks */,
				E3D85ADA1D9657D3002DF00D /* libssl.a in Frameworks */,
				E3D85AD91D9657D3002DF00D /* libcrypto.a in Frameworks */,
				E3C084951D8FF5090089EC43 /* Alamofire.framework in Frameworks */,
				E3C084961D8FF5090089EC43 /* SnapKit.framework in Frameworks */,
				E3C084971D8FF5090089EC43 /* SVProgressHUD.framework in Frameworks */,
			);
			runOnlyForDeploymentPostprocessing = 0;
		};
		E3C0846F1D8FF4230089EC43 /* Frameworks */ = {
			isa = PBXFrameworksBuildPhase;
			buildActionMask = 2147483647;
			files = (
			);
			runOnlyForDeploymentPostprocessing = 0;
		};
		E3C0847A1D8FF4230089EC43 /* Frameworks */ = {
			isa = PBXFrameworksBuildPhase;
			buildActionMask = 2147483647;
			files = (
			);
			runOnlyForDeploymentPostprocessing = 0;
		};
/* End PBXFrameworksBuildPhase section */

/* Begin PBXGroup section */
		E314F86B1D94CF3100019BB5 /* Git */ = {
			isa = PBXGroup;
			children = (
				E314F86C1D94CF3C00019BB5 /* NJKWebViewProgress */,
			);
			path = Git;
			sourceTree = "<group>";
		};
		E314F86C1D94CF3C00019BB5 /* NJKWebViewProgress */ = {
			isa = PBXGroup;
			children = (
				E314F86D1D94CF3C00019BB5 /* NJKWebViewProgress.h */,
				E314F86E1D94CF3C00019BB5 /* NJKWebViewProgress.m */,
				E314F86F1D94CF3C00019BB5 /* NJKWebViewProgressView.h */,
				E314F8701D94CF3C00019BB5 /* NJKWebViewProgressView.m */,
			);
			path = NJKWebViewProgress;
			sourceTree = "<group>";
		};
		E3C084551D8FF4230089EC43 = {
			isa = PBXGroup;
			children = (
				E3C084601D8FF4230089EC43 /* CProject */,
				E3D317171D927A46002ECA59 /* MVVM */,
				E3C084A31D9033470089EC43 /* Tools */,
				E3D3170D1D91784C002ECA59 /* Setting */,
				E314F86B1D94CF3100019BB5 /* Git */,
				E3C084751D8FF4230089EC43 /* CProjectTests */,
				E3C084801D8FF4230089EC43 /* CProjectUITests */,
				E3C0845F1D8FF4230089EC43 /* Products */,
				E3C0848F1D8FF5090089EC43 /* Frameworks */,
			);
			sourceTree = "<group>";
		};
		E3C0845F1D8FF4230089EC43 /* Products */ = {
			isa = PBXGroup;
			children = (
				E3C0845E1D8FF4230089EC43 /* CProject.app */,
				E3C084721D8FF4230089EC43 /* CProjectTests.xctest */,
				E3C0847D1D8FF4230089EC43 /* CProjectUITests.xctest */,
			);
			name = Products;
			sourceTree = "<group>";
		};
		E3C084601D8FF4230089EC43 /* CProject */ = {
			isa = PBXGroup;
			children = (
				E3C084611D8FF4230089EC43 /* AppDelegate.swift */,
				E3C084631D8FF4230089EC43 /* ViewController.swift */,
				E3C084681D8FF4230089EC43 /* Assets.xcassets */,
				E3C0846D1D8FF4230089EC43 /* Info.plist */,
				E3C084A21D8FF63D0089EC43 /* dSYM */,
				E3C084651D8FF4230089EC43 /* Main.storyboard */,
				E3C0846A1D8FF4230089EC43 /* LaunchScreen.storyboard */,
				E3D317121D9253FC002ECA59 /* CProject-Bridging-Header.h */,
				E3D85AE41D96635B002DF00D /* CProject.pch */,
			);
			path = CProject;
			sourceTree = "<group>";
		};
		E3C084751D8FF4230089EC43 /* CProjectTests */ = {
			isa = PBXGroup;
			children = (
				E3C084761D8FF4230089EC43 /* CProjectTests.swift */,
				E3C084781D8FF4230089EC43 /* Info.plist */,
			);
			path = CProjectTests;
			sourceTree = "<group>";
		};
		E3C084801D8FF4230089EC43 /* CProjectUITests */ = {
			isa = PBXGroup;
			children = (
				E3C084811D8FF4230089EC43 /* CProjectUITests.swift */,
				E3C084831D8FF4230089EC43 /* Info.plist */,
			);
			path = CProjectUITests;
			sourceTree = "<group>";
		};
		E3C0848F1D8FF5090089EC43 /* Frameworks */ = {
			isa = PBXGroup;
			children = (
				E3D85B1D1D967650002DF00D /* libsqlite3.tbd */,
				E3D85AF91D966442002DF00D /* libz.tbd */,
				E3D85AF71D96643B002DF00D /* SystemConfiguration.framework */,
				E3D85AF51D966432002DF00D /* CoreTelephony.framework */,
				E3D85AF31D96642A002DF00D /* QuartzCore.framework */,
				E3D85AF11D966422002DF00D /* CoreText.framework */,
				E3D85AEF1D966419002DF00D /* CoreGraphics.framework */,
				E3D85AED1D966411002DF00D /* UIKit.framework */,
				E3D85AEB1D96640A002DF00D /* Foundation.framework */,
				E3D85AE91D966401002DF00D /* CFNetwork.framework */,
				E3D85AE71D9663FA002DF00D /* CoreMotion.framework */,
				E3D85AE51D9663F0002DF00D /* libc++.tbd */,
				E3C084901D8FF5090089EC43 /* AFNetworking.framework */,
				E3C084911D8FF5090089EC43 /* Alamofire.framework */,
				E3C084921D8FF5090089EC43 /* SnapKit.framework */,
				E3C084931D8FF5090089EC43 /* SVProgressHUD.framework */,
			);
			name = Frameworks;
			sourceTree = "<group>";
		};
		E3C084A21D8FF63D0089EC43 /* dSYM */ = {
			isa = PBXGroup;
			children = (
				E3C0849A1D8FF5E70089EC43 /* AFNetworking.framework.dSYM */,
				E3C0849B1D8FF5E70089EC43 /* Alamofire.framework.dSYM */,
				E3C0849C1D8FF5E70089EC43 /* SnapKit.framework.dSYM */,
				E3C0849D1D8FF5E70089EC43 /* SVProgressHUD.framework.dSYM */,
			);
			path = dSYM;
			sourceTree = "<group>";
		};
		E3C084A31D9033470089EC43 /* Tools */ = {
			isa = PBXGroup;
			children = (
				E3D85AFC1D966BDE002DF00D /* WeChatSDK */,
				E3D85A6F1D9657D3002DF00D /* AlipaySDK */,
				E3C084A61D903AC00089EC43 /* PDefine.swift */,
				E3D3170B1D915D9B002ECA59 /* KeychainPasswordItem.swift */,
				E3C084A41D903A5E0089EC43 /* WPFKeychain.swift */,
				E3D317101D922BAF002ECA59 /* NetWorkHelper.swift */,
				E3D317131D926733002ECA59 /* JSModel.swift */,
				E3D317151D926EE9002ECA59 /* IAPHelper.swift */,
			);
			path = Tools;
			sourceTree = "<group>";
		};
		E3D3170D1D91784C002ECA59 /* Setting */ = {
			isa = PBXGroup;
			children = (
				E3D3170E1D9178C7002ECA59 /* RootViewController.swift */,
			);
			path = Setting;
			sourceTree = "<group>";
		};
		E3D317171D927A46002ECA59 /* MVVM */ = {
			isa = PBXGroup;
			children = (
				E314F8691D93736600019BB5 /* WTabBarController.swift */,
				E3D317181D927A6E002ECA59 /* WebVC.swift */,
				E3D85A6D1D95132B002DF00D /* AppStoreListVC.swift */,
			);
			path = MVVM;
			sourceTree = "<group>";
		};
		E3D85A6F1D9657D3002DF00D /* AlipaySDK */ = {
			isa = PBXGroup;
			children = (
				E3D85A701D9657D3002DF00D /* AlipayHelper.h */,
				E3D85A711D9657D3002DF00D /* AlipayHelper.m */,
				E3D85A721D9657D3002DF00D /* AlipaySDK.bundle */,
				E3D85A731D9657D3002DF00D /* AlipaySDK.framework */,
				E3D85A741D9657D3002DF00D /* libcrypto.a */,
				E3D85A751D9657D3002DF00D /* libssl.a */,
				E3D85A761D9657D3002DF00D /* openssl */,
				E3D85AC21D9657D3002DF00D /* Order.h */,
				E3D85AC31D9657D3002DF00D /* Order.m */,
				E3D85AC41D9657D3002DF00D /* Util */,
			);
			path = AlipaySDK;
			sourceTree = "<group>";
		};
		E3D85A761D9657D3002DF00D /* openssl */ = {
			isa = PBXGroup;
			children = (
				E3D85A771D9657D3002DF00D /* aes.h */,
				E3D85A781D9657D3002DF00D /* asn1.h */,
				E3D85A791D9657D3002DF00D /* asn1_mac.h */,
				E3D85A7A1D9657D3002DF00D /* asn1t.h */,
				E3D85A7B1D9657D3002DF00D /* bio.h */,
				E3D85A7C1D9657D3002DF00D /* blowfish.h */,
				E3D85A7D1D9657D3002DF00D /* bn.h */,
				E3D85A7E1D9657D3002DF00D /* buffer.h */,
				E3D85A7F1D9657D3002DF00D /* camellia.h */,
				E3D85A801D9657D3002DF00D /* cast.h */,
				E3D85A811D9657D3002DF00D /* cmac.h */,
				E3D85A821D9657D3002DF00D /* cms.h */,
				E3D85A831D9657D3002DF00D /* comp.h */,
				E3D85A841D9657D3002DF00D /* conf.h */,
				E3D85A851D9657D3002DF00D /* conf_api.h */,
				E3D85A861D9657D3002DF00D /* crypto.h */,
				E3D85A871D9657D3002DF00D /* des.h */,
				E3D85A881D9657D3002DF00D /* des_old.h */,
				E3D85A891D9657D3002DF00D /* dh.h */,
				E3D85A8A1D9657D3002DF00D /* dsa.h */,
				E3D85A8B1D9657D3002DF00D /* dso.h */,
				E3D85A8C1D9657D3002DF00D /* dtls1.h */,
				E3D85A8D1D9657D3002DF00D /* e_os2.h */,
				E3D85A8E1D9657D3002DF00D /* ebcdic.h */,
				E3D85A8F1D9657D3002DF00D /* ec.h */,
				E3D85A901D9657D3002DF00D /* ecdh.h */,
				E3D85A911D9657D3002DF00D /* ecdsa.h */,
				E3D85A921D9657D3002DF00D /* engine.h */,
				E3D85A931D9657D3002DF00D /* err.h */,
				E3D85A941D9657D3002DF00D /* evp.h */,
				E3D85A951D9657D3002DF00D /* hmac.h */,
				E3D85A961D9657D3002DF00D /* idea.h */,
				E3D85A971D9657D3002DF00D /* krb5_asn.h */,
				E3D85A981D9657D3002DF00D /* kssl.h */,
				E3D85A991D9657D3002DF00D /* lhash.h */,
				E3D85A9A1D9657D3002DF00D /* md4.h */,
				E3D85A9B1D9657D3002DF00D /* md5.h */,
				E3D85A9C1D9657D3002DF00D /* mdc2.h */,
				E3D85A9D1D9657D3002DF00D /* modes.h */,
				E3D85A9E1D9657D3002DF00D /* obj_mac.h */,
				E3D85A9F1D9657D3002DF00D /* objects.h */,
				E3D85AA01D9657D3002DF00D /* ocsp.h */,
				E3D85AA11D9657D3002DF00D /* opensslconf.h */,
				E3D85AA21D9657D3002DF00D /* opensslv.h */,
				E3D85AA31D9657D3002DF00D /* ossl_typ.h */,
				E3D85AA41D9657D3002DF00D /* pem.h */,
				E3D85AA51D9657D3002DF00D /* pem2.h */,
				E3D85AA61D9657D3002DF00D /* pkcs12.h */,
				E3D85AA71D9657D3002DF00D /* pkcs7.h */,
				E3D85AA81D9657D3002DF00D /* pqueue.h */,
				E3D85AA91D9657D3002DF00D /* rand.h */,
				E3D85AAA1D9657D3002DF00D /* rc2.h */,
				E3D85AAB1D9657D3002DF00D /* rc4.h */,
				E3D85AAC1D9657D3002DF00D /* ripemd.h */,
				E3D85AAD1D9657D3002DF00D /* rsa.h */,
				E3D85AAE1D9657D3002DF00D /* safestack.h */,
				E3D85AAF1D9657D3002DF00D /* seed.h */,
				E3D85AB01D9657D3002DF00D /* sha.h */,
				E3D85AB11D9657D3002DF00D /* srp.h */,
				E3D85AB21D9657D3002DF00D /* srtp.h */,
				E3D85AB31D9657D3002DF00D /* ssl.h */,
				E3D85AB41D9657D3002DF00D /* ssl2.h */,
				E3D85AB51D9657D3002DF00D /* ssl23.h */,
				E3D85AB61D9657D3002DF00D /* ssl3.h */,
				E3D85AB71D9657D3002DF00D /* stack.h */,
				E3D85AB81D9657D3002DF00D /* symhacks.h */,
				E3D85AB91D9657D3002DF00D /* tls1.h */,
				E3D85ABA1D9657D3002DF00D /* ts.h */,
				E3D85ABB1D9657D3002DF00D /* txt_db.h */,
				E3D85ABC1D9657D3002DF00D /* ui.h */,
				E3D85ABD1D9657D3002DF00D /* ui_compat.h */,
				E3D85ABE1D9657D3002DF00D /* whrlpool.h */,
				E3D85ABF1D9657D3002DF00D /* x509.h */,
				E3D85AC01D9657D3002DF00D /* x509_vfy.h */,
				E3D85AC11D9657D3002DF00D /* x509v3.h */,
			);
			path = openssl;
			sourceTree = "<group>";
		};
		E3D85AC41D9657D3002DF00D /* Util */ = {
			isa = PBXGroup;
			children = (
				E3D85AC51D9657D3002DF00D /* base64.h */,
				E3D85AC61D9657D3002DF00D /* base64.m */,
				E3D85AC71D9657D3002DF00D /* config.h */,
				E3D85AC81D9657D3002DF00D /* DataSigner.h */,
				E3D85AC91D9657D3002DF00D /* DataSigner.m */,
				E3D85ACA1D9657D3002DF00D /* DataVerifier.h */,
				E3D85ACB1D9657D3002DF00D /* DataVerifier.m */,
				E3D85ACC1D9657D3002DF00D /* MD5DataSigner.h */,
				E3D85ACD1D9657D3002DF00D /* MD5DataSigner.m */,
				E3D85ACE1D9657D3002DF00D /* NSDataEx.h */,
				E3D85ACF1D9657D3002DF00D /* NSDataEx.m */,
				E3D85AD01D9657D3002DF00D /* openssl_wrapper.h */,
				E3D85AD11D9657D3002DF00D /* openssl_wrapper.m */,
				E3D85AD21D9657D3002DF00D /* RSADataSigner.h */,
				E3D85AD31D9657D3002DF00D /* RSADataSigner.m */,
				E3D85AD41D9657D3002DF00D /* RSADataVerifier.h */,
				E3D85AD51D9657D3002DF00D /* RSADataVerifier.m */,
			);
			path = Util;
			sourceTree = "<group>";
		};
		E3D85AFC1D966BDE002DF00D /* WeChatSDK */ = {
			isa = PBXGroup;
			children = (
				E3D85B191D966CEA002DF00D /* XMLDictionary */,
				E3D85AFD1D966BDE002DF00D /* libWeChatSDK.a */,
				E3D85AFE1D966BDE002DF00D /* WechatAuthSDK.h */,
				E3D85AFF1D966BDE002DF00D /* WechatHelper.h */,
				E3D85B001D966BDE002DF00D /* WechatHelper.m */,
				E3D85B011D966BDE002DF00D /* WXApi.h */,
				E3D85B021D966BDE002DF00D /* WXApiObject.h */,
				E3D85B031D966BDE002DF00D /* WXHelper */,
			);
			path = WeChatSDK;
			sourceTree = "<group>";
		};
		E3D85B031D966BDE002DF00D /* WXHelper */ = {
			isa = PBXGroup;
			children = (
				E3D85B041D966BDE002DF00D /* Constant.h */,
				E3D85B051D966BDE002DF00D /* GetMessageFromWXResp+responseWithTextOrMediaMessage.h */,
				E3D85B061D966BDE002DF00D /* GetMessageFromWXResp+responseWithTextOrMediaMessage.m */,
				E3D85B071D966BDE002DF00D /* SendMessageToWXReq+requestWithTextOrMediaMessage.h */,
				E3D85B081D966BDE002DF00D /* SendMessageToWXReq+requestWithTextOrMediaMessage.m */,
				E3D85B091D966BDE002DF00D /* WXApiManager.h */,
				E3D85B0A1D966BDE002DF00D /* WXApiManager.m */,
				E3D85B0B1D966BDE002DF00D /* WXApiRequestHandler.h */,
				E3D85B0C1D966BDE002DF00D /* WXApiRequestHandler.m */,
				E3D85B0D1D966BDE002DF00D /* WXApiResponseHandler.h */,
				E3D85B0E1D966BDE002DF00D /* WXApiResponseHandler.m */,
				E3D85B0F1D966BDE002DF00D /* WXMediaMessage+messageConstruct.h */,
				E3D85B101D966BDE002DF00D /* WXMediaMessage+messageConstruct.m */,
			);
			path = WXHelper;
			sourceTree = "<group>";
		};
		E3D85B191D966CEA002DF00D /* XMLDictionary */ = {
			isa = PBXGroup;
			children = (
				E3D85B1A1D966CEA002DF00D /* XMLDictionary.h */,
				E3D85B1B1D966CEA002DF00D /* XMLDictionary.m */,
			);
			path = XMLDictionary;
			sourceTree = "<group>";
		};
/* End PBXGroup section */

/* Begin PBXNativeTarget section */
		E3C0845D1D8FF4230089EC43 /* CProject */ = {
			isa = PBXNativeTarget;
			buildConfigurationList = E3C084861D8FF4230089EC43 /* Build configuration list for PBXNativeTarget "CProject" */;
			buildPhases = (
				E3C0845A1D8FF4230089EC43 /* Sources */,
				E3C0845B1D8FF4230089EC43 /* Frameworks */,
				E3C0845C1D8FF4230089EC43 /* Resources */,
				E3C084981D8FF50C0089EC43 /* ShellScript */,
				E3C084991D8FF5B50089EC43 /* CopyFiles */,
			);
			buildRules = (
			);
			dependencies = (
			);
			name = CProject;
			productName = CProject;
			productReference = E3C0845E1D8FF4230089EC43 /* CProject.app */;
			productType = "com.apple.product-type.application";
		};
		E3C084711D8FF4230089EC43 /* CProjectTests */ = {
			isa = PBXNativeTarget;
			buildConfigurationList = E3C084891D8FF4230089EC43 /* Build configuration list for PBXNativeTarget "CProjectTests" */;
			buildPhases = (
				E3C0846E1D8FF4230089EC43 /* Sources */,
				E3C0846F1D8FF4230089EC43 /* Frameworks */,
				E3C084701D8FF4230089EC43 /* Resources */,
			);
			buildRules = (
			);
			dependencies = (
				E3C084741D8FF4230089EC43 /* PBXTargetDependency */,
			);
			name = CProjectTests;
			productName = CProjectTests;
			productReference = E3C084721D8FF4230089EC43 /* CProjectTests.xctest */;
			productType = "com.apple.product-type.bundle.unit-test";
		};
		E3C0847C1D8FF4230089EC43 /* CProjectUITests */ = {
			isa = PBXNativeTarget;
			buildConfigurationList = E3C0848C1D8FF4230089EC43 /* Build configuration list for PBXNativeTarget "CProjectUITests" */;
			buildPhases = (
				E3C084791D8FF4230089EC43 /* Sources */,
				E3C0847A1D8FF4230089EC43 /* Frameworks */,
				E3C0847B1D8FF4230089EC43 /* Resources */,
			);
			buildRules = (
			);
			dependencies = (
				E3C0847F1D8FF4230089EC43 /* PBXTargetDependency */,
			);
			name = CProjectUITests;
			productName = CProjectUITests;
			productReference = E3C0847D1D8FF4230089EC43 /* CProjectUITests.xctest */;
			productType = "com.apple.product-type.bundle.ui-testing";
		};
/* End PBXNativeTarget section */

/* Begin PBXProject section */
		E3C084561D8FF4230089EC43 /* Project object */ = {
			isa = PBXProject;
			attributes = {
				LastSwiftUpdateCheck = 0800;
				LastUpgradeCheck = 0800;
				ORGANIZATIONNAME = alex;
				TargetAttributes = {
					E3C0845D1D8FF4230089EC43 = {
						CreatedOnToolsVersion = 8.0;
						DevelopmentTeam = GCZ69TW9QP;
						ProvisioningStyle = Automatic;
					};
					E3C084711D8FF4230089EC43 = {
						CreatedOnToolsVersion = 8.0;
						ProvisioningStyle = Automatic;
						TestTargetID = E3C0845D1D8FF4230089EC43;
					};
					E3C0847C1D8FF4230089EC43 = {
						CreatedOnToolsVersion = 8.0;
						ProvisioningStyle = Automatic;
						TestTargetID = E3C0845D1D8FF4230089EC43;
					};
				};
			};
			buildConfigurationList = E3C084591D8FF4230089EC43 /* Build configuration list for PBXProject "CProject" */;
			compatibilityVersion = "Xcode 3.2";
			developmentRegion = English;
			hasScannedForEncodings = 0;
			knownRegions = (
				en,
				Base,
			);
			mainGroup = E3C084551D8FF4230089EC43;
			productRefGroup = E3C0845F1D8FF4230089EC43 /* Products */;
			projectDirPath = "";
			projectRoot = "";
			targets = (
				E3C0845D1D8FF4230089EC43 /* CProject */,
				E3C084711D8FF4230089EC43 /* CProjectTests */,
				E3C0847C1D8FF4230089EC43 /* CProjectUITests */,
			);
		};
/* End PBXProject section */

/* Begin PBXResourcesBuildPhase section */
		E3C0845C1D8FF4230089EC43 /* Resources */ = {
			isa = PBXResourcesBuildPhase;
			buildActionMask = 2147483647;
			files = (
				E3C0846C1D8FF4230089EC43 /* LaunchScreen.storyboard in Resources */,
				E3C084691D8FF4230089EC43 /* Assets.xcassets in Resources */,
				E3D85AD71D9657D3002DF00D /* AlipaySDK.bundle in Resources */,
				E3C084671D8FF4230089EC43 /* Main.storyboard in Resources */,
			);
			runOnlyForDeploymentPostprocessing = 0;
		};
		E3C084701D8FF4230089EC43 /* Resources */ = {
			isa = PBXResourcesBuildPhase;
			buildActionMask = 2147483647;
			files = (
			);
			runOnlyForDeploymentPostprocessing = 0;
		};
		E3C0847B1D8FF4230089EC43 /* Resources */ = {
			isa = PBXResourcesBuildPhase;
			buildActionMask = 2147483647;
			files = (
			);
			runOnlyForDeploymentPostprocessing = 0;
		};
/* End PBXResourcesBuildPhase section */

/* Begin PBXShellScriptBuildPhase section */
		E3C084981D8FF50C0089EC43 /* ShellScript */ = {
			isa = PBXShellScriptBuildPhase;
			buildActionMask = 2147483647;
			files = (
			);
			inputPaths = (
				"$(SRCROOT)/Carthage/Build/iOS/AFNetworking.framework",
				"$(SRCROOT)/Carthage/Build/iOS/Alamofire.framework",
				"$(SRCROOT)/Carthage/Build/iOS/SnapKit.framework",
				"$(SRCROOT)/Carthage/Build/iOS/SVProgressHUD.framework",
			);
			outputPaths = (
			);
			runOnlyForDeploymentPostprocessing = 0;
			shellPath = /bin/sh;
			shellScript = "/usr/local/bin/carthage copy-frameworks";
		};
/* End PBXShellScriptBuildPhase section */

/* Begin PBXSourcesBuildPhase section */
		E3C0845A1D8FF4230089EC43 /* Sources */ = {
			isa = PBXSourcesBuildPhase;
			buildActionMask = 2147483647;
			files = (
				E3D85AE11D9657D3002DF00D /* openssl_wrapper.m in Sources */,
				E3D3170C1D915D9B002ECA59 /* KeychainPasswordItem.swift in Sources */,
				E3D317111D922BAF002ECA59 /* NetWorkHelper.swift in Sources */,
				E3D85B131D966BDE002DF00D /* GetMessageFromWXResp+responseWithTextOrMediaMessage.m in Sources */,
				E3D85AE01D9657D3002DF00D /* NSDataEx.m in Sources */,
				E3C084641D8FF4230089EC43 /* ViewController.swift in Sources */,
				E3D3170F1D9178C7002ECA59 /* RootViewController.swift in Sources */,
				E314F8711D94CF3C00019BB5 /* NJKWebViewProgress.m in Sources */,
				E3D317161D926EE9002ECA59 /* IAPHelper.swift in Sources */,
				E3D85B121D966BDE002DF00D /* WechatHelper.m in Sources */,
				E3C084A51D903A5E0089EC43 /* WPFKeychain.swift in Sources */,
				E314F8721D94CF3C00019BB5 /* NJKWebViewProgressView.m in Sources */,
				E3D85B181D966BDE002DF00D /* WXMediaMessage+messageConstruct.m in Sources */,
				E3D85B141D966BDE002DF00D /* SendMessageToWXReq+requestWithTextOrMediaMessage.m in Sources */,
				E3C084621D8FF4230089EC43 /* AppDelegate.swift in Sources */,
				E3D85B161D966BDE002DF00D /* WXApiRequestHandler.m in Sources */,
				E314F86A1D93736600019BB5 /* WTabBarController.swift in Sources */,
				E3D85B1C1D966CEA002DF00D /* XMLDictionary.m in Sources */,
				E3D85ADF1D9657D3002DF00D /* MD5DataSigner.m in Sources */,
				E3D85A6E1D95132B002DF00D /* AppStoreListVC.swift in Sources */,
				E3D85AD61D9657D3002DF00D /* AlipayHelper.m in Sources */,
				E3D85B171D966BDE002DF00D /* WXApiResponseHandler.m in Sources */,
				E3D85AE21D9657D3002DF00D /* RSADataSigner.m in Sources */,
				E3D85AE31D9657D3002DF00D /* RSADataVerifier.m in Sources */,
				E3D317191D927A6E002ECA59 /* WebVC.swift in Sources */,
				E3D85B151D966BDE002DF00D /* WXApiManager.m in Sources */,
				E3D317141D926733002ECA59 /* JSModel.swift in Sources */,
				E3D85ADB1D9657D3002DF00D /* Order.m in Sources */,
				E3D85ADD1D9657D3002DF00D /* DataSigner.m in Sources */,
				E3C084A71D903AC00089EC43 /* PDefine.swift in Sources */,
				E3D85ADC1D9657D3002DF00D /* base64.m in Sources */,
				E3D85ADE1D9657D3002DF00D /* DataVerifier.m in Sources */,
			);
			runOnlyForDeploymentPostprocessing = 0;
		};
		E3C0846E1D8FF4230089EC43 /* Sources */ = {
			isa = PBXSourcesBuildPhase;
			buildActionMask = 2147483647;
			files = (
				E3C084771D8FF4230089EC43 /* CProjectTests.swift in Sources */,
			);
			runOnlyForDeploymentPostprocessing = 0;
		};
		E3C084791D8FF4230089EC43 /* Sources */ = {
			isa = PBXSourcesBuildPhase;
			buildActionMask = 2147483647;
			files = (
				E3C084821D8FF4230089EC43 /* CProjectUITests.swift in Sources */,
			);
			runOnlyForDeploymentPostprocessing = 0;
		};
/* End PBXSourcesBuildPhase section */

/* Begin PBXTargetDependency section */
		E3C084741D8FF4230089EC43 /* PBXTargetDependency */ = {
			isa = PBXTargetDependency;
			target = E3C0845D1D8FF4230089EC43 /* CProject */;
			targetProxy = E3C084731D8FF4230089EC43 /* PBXContainerItemProxy */;
		};
		E3C0847F1D8FF4230089EC43 /* PBXTargetDependency */ = {
			isa = PBXTargetDependency;
			target = E3C0845D1D8FF4230089EC43 /* CProject */;
			targetProxy = E3C0847E1D8FF4230089EC43 /* PBXContainerItemProxy */;
		};
/* End PBXTargetDependency section */

/* Begin PBXVariantGroup section */
		E3C084651D8FF4230089EC43 /* Main.storyboard */ = {
			isa = PBXVariantGroup;
			children = (
				E3C084661D8FF4230089EC43 /* Base */,
			);
			name = Main.storyboard;
			sourceTree = "<group>";
		};
		E3C0846A1D8FF4230089EC43 /* LaunchScreen.storyboard */ = {
			isa = PBXVariantGroup;
			children = (
				E3C0846B1D8FF4230089EC43 /* Base */,
			);
			name = LaunchScreen.storyboard;
			sourceTree = "<group>";
		};
/* End PBXVariantGroup section */

/* Begin XCBuildConfiguration section */
		E3C084841D8FF4230089EC43 /* Debug */ = {
			isa = XCBuildConfiguration;
			buildSettings = {
				ALWAYS_SEARCH_USER_PATHS = NO;
				CLANG_ANALYZER_NONNULL = YES;
				CLANG_CXX_LANGUAGE_STANDARD = "gnu++0x";
				CLANG_CXX_LIBRARY = "libc++";
				CLANG_ENABLE_MODULES = YES;
				CLANG_ENABLE_OBJC_ARC = YES;
				CLANG_WARN_BOOL_CONVERSION = YES;
				CLANG_WARN_CONSTANT_CONVERSION = YES;
				CLANG_WARN_DIRECT_OBJC_ISA_USAGE = YES_ERROR;
				CLANG_WARN_DOCUMENTATION_COMMENTS = YES;
				CLANG_WARN_EMPTY_BODY = YES;
				CLANG_WARN_ENUM_CONVERSION = YES;
				CLANG_WARN_INFINITE_RECURSION = YES;
				CLANG_WARN_INT_CONVERSION = YES;
				CLANG_WARN_OBJC_ROOT_CLASS = YES_ERROR;
				CLANG_WARN_SUSPICIOUS_MOVES = YES;
				CLANG_WARN_UNREACHABLE_CODE = YES;
				CLANG_WARN__DUPLICATE_METHOD_MATCH = YES;
				"CODE_SIGN_IDENTITY[sdk=iphoneos*]" = "iPhone Developer";
				COPY_PHASE_STRIP = NO;
				DEBUG_INFORMATION_FORMAT = dwarf;
				ENABLE_STRICT_OBJC_MSGSEND = YES;
				ENABLE_TESTABILITY = YES;
				GCC_C_LANGUAGE_STANDARD = gnu99;
				GCC_DYNAMIC_NO_PIC = NO;
				GCC_NO_COMMON_BLOCKS = YES;
				GCC_OPTIMIZATION_LEVEL = 0;
				GCC_PREPROCESSOR_DEFINITIONS = (
					"DEBUG=1",
					"$(inherited)",
				);
				GCC_WARN_64_TO_32_BIT_CONVERSION = YES;
				GCC_WARN_ABOUT_RETURN_TYPE = YES_ERROR;
				GCC_WARN_UNDECLARED_SELECTOR = YES;
				GCC_WARN_UNINITIALIZED_AUTOS = YES_AGGRESSIVE;
				GCC_WARN_UNUSED_FUNCTION = YES;
				GCC_WARN_UNUSED_VARIABLE = YES;
				IPHONEOS_DEPLOYMENT_TARGET = 10.0;
				MTL_ENABLE_DEBUG_INFO = YES;
				ONLY_ACTIVE_ARCH = YES;
				SDKROOT = iphoneos;
				SWIFT_ACTIVE_COMPILATION_CONDITIONS = DEBUG;
				SWIFT_OPTIMIZATION_LEVEL = "-Onone";
				TARGETED_DEVICE_FAMILY = "1,2";
			};
			name = Debug;
		};
		E3C084851D8FF4230089EC43 /* Release */ = {
			isa = XCBuildConfiguration;
			buildSettings = {
				ALWAYS_SEARCH_USER_PATHS = NO;
				CLANG_ANALYZER_NONNULL = YES;
				CLANG_CXX_LANGUAGE_STANDARD = "gnu++0x";
				CLANG_CXX_LIBRARY = "libc++";
				CLANG_ENABLE_MODULES = YES;
				CLANG_ENABLE_OBJC_ARC = YES;
				CLANG_WARN_BOOL_CONVERSION = YES;
				CLANG_WARN_CONSTANT_CONVERSION = YES;
				CLANG_WARN_DIRECT_OBJC_ISA_USAGE = YES_ERROR;
				CLANG_WARN_DOCUMENTATION_COMMENTS = YES;
				CLANG_WARN_EMPTY_BODY = YES;
				CLANG_WARN_ENUM_CONVERSION = YES;
				CLANG_WARN_INFINITE_RECURSION = YES;
				CLANG_WARN_INT_CONVERSION = YES;
				CLANG_WARN_OBJC_ROOT_CLASS = YES_ERROR;
				CLANG_WARN_SUSPICIOUS_MOVES = YES;
				CLANG_WARN_UNREACHABLE_CODE = YES;
				CLANG_WARN__DUPLICATE_METHOD_MATCH = YES;
				"CODE_SIGN_IDENTITY[sdk=iphoneos*]" = "iPhone Developer";
				COPY_PHASE_STRIP = NO;
				DEBUG_INFORMATION_FORMAT = "dwarf-with-dsym";
				ENABLE_NS_ASSERTIONS = NO;
				ENABLE_STRICT_OBJC_MSGSEND = YES;
				GCC_C_LANGUAGE_STANDARD = gnu99;
				GCC_NO_COMMON_BLOCKS = YES;
				GCC_WARN_64_TO_32_BIT_CONVERSION = YES;
				GCC_WARN_ABOUT_RETURN_TYPE = YES_ERROR;
				GCC_WARN_UNDECLARED_SELECTOR = YES;
				GCC_WARN_UNINITIALIZED_AUTOS = YES_AGGRESSIVE;
				GCC_WARN_UNUSED_FUNCTION = YES;
				GCC_WARN_UNUSED_VARIABLE = YES;
				IPHONEOS_DEPLOYMENT_TARGET = 10.0;
				MTL_ENABLE_DEBUG_INFO = NO;
				SDKROOT = iphoneos;
				SWIFT_OPTIMIZATION_LEVEL = "-Owholemodule";
				TARGETED_DEVICE_FAMILY = "1,2";
				VALIDATE_PRODUCT = YES;
			};
			name = Release;
		};
		E3C084871D8FF4230089EC43 /* Debug */ = {
			isa = XCBuildConfiguration;
			buildSettings = {
				ASSETCATALOG_COMPILER_APPICON_NAME = AppIcon;
				DEVELOPMENT_TEAM = GCZ69TW9QP;
				FRAMEWORK_SEARCH_PATHS = (
					"$(inherited)",
					"$(PROJECT_DIR)/Carthage/Build/iOS",
					"$(PROJECT_DIR)/Tools/AlipaySDK",
				);
				GCC_PRECOMPILE_PREFIX_HEADER = YES;
				GCC_PREFIX_HEADER = "$(SRCROOT)/CProject/CProject.pch";
				HEADER_SEARCH_PATHS = "$(SRCROOT)/Tools/AlipaySDK";
				INFOPLIST_FILE = CProject/Info.plist;
				LD_RUNPATH_SEARCH_PATHS = "$(inherited) @executable_path/Frameworks";
				LIBRARY_SEARCH_PATHS = (
					"$(inherited)",
					"$(PROJECT_DIR)/Tools/AlipaySDK",
					"$(PROJECT_DIR)/Tools/WeChatSDK",
				);
				PRODUCT_BUNDLE_IDENTIFIER = com.alex.PMiaoZan;
				PRODUCT_NAME = "$(TARGET_NAME)";
				SWIFT_OBJC_BRIDGING_HEADER = "$(PROJECT_DIR)/CProject/CProject-Bridging-Header.h";
				SWIFT_VERSION = 3.0;
			};
			name = Debug;
		};
		E3C084881D8FF4230089EC43 /* Release */ = {
			isa = XCBuildConfiguration;
			buildSettings = {
				ASSETCATALOG_COMPILER_APPICON_NAME = AppIcon;
				DEVELOPMENT_TEAM = GCZ69TW9QP;
				FRAMEWORK_SEARCH_PATHS = (
					"$(inherited)",
					"$(PROJECT_DIR)/Carthage/Build/iOS",
					"$(PROJECT_DIR)/Tools/AlipaySDK",
				);
				GCC_PRECOMPILE_PREFIX_HEADER = YES;
				GCC_PREFIX_HEADER = "$(SRCROOT)/CProject/CProject.pch";
				HEADER_SEARCH_PATHS = "$(SRCROOT)/Tools/AlipaySDK";
				INFOPLIST_FILE = CProject/Info.plist;
				LD_RUNPATH_SEARCH_PATHS = "$(inherited) @executable_path/Frameworks";
				LIBRARY_SEARCH_PATHS = (
					"$(inherited)",
					"$(PROJECT_DIR)/Tools/AlipaySDK",
					"$(PROJECT_DIR)/Tools/WeChatSDK",
				);
				PRODUCT_BUNDLE_IDENTIFIER = com.alex.PMiaoZan;
				PRODUCT_NAME = "$(TARGET_NAME)";
				SWIFT_OBJC_BRIDGING_HEADER = "$(PROJECT_DIR)/CProject/CProject-Bridging-Header.h";
				SWIFT_VERSION = 3.0;
			};
			name = Release;
		};
		E3C0848A1D8FF4230089EC43 /* Debug */ = {
			isa = XCBuildConfiguration;
			buildSettings = {
				ALWAYS_EMBED_SWIFT_STANDARD_LIBRARIES = YES;
				BUNDLE_LOADER = "$(TEST_HOST)";
				INFOPLIST_FILE = CProjectTests/Info.plist;
				LD_RUNPATH_SEARCH_PATHS = "$(inherited) @executable_path/Frameworks @loader_path/Frameworks";
				PRODUCT_BUNDLE_IDENTIFIER = com.alex.CProjectTests;
				PRODUCT_NAME = "$(TARGET_NAME)";
				SWIFT_VERSION = 3.0;
				TEST_HOST = "$(BUILT_PRODUCTS_DIR)/CProject.app/CProject";
			};
			name = Debug;
		};
		E3C0848B1D8FF4230089EC43 /* Release */ = {
			isa = XCBuildConfiguration;
			buildSettings = {
				ALWAYS_EMBED_SWIFT_STANDARD_LIBRARIES = YES;
				BUNDLE_LOADER = "$(TEST_HOST)";
				INFOPLIST_FILE = CProjectTests/Info.plist;
				LD_RUNPATH_SEARCH_PATHS = "$(inherited) @executable_path/Frameworks @loader_path/Frameworks";
				PRODUCT_BUNDLE_IDENTIFIER = com.alex.CProjectTests;
				PRODUCT_NAME = "$(TARGET_NAME)";
				SWIFT_VERSION = 3.0;
				TEST_HOST = "$(BUILT_PRODUCTS_DIR)/CProject.app/CProject";
			};
			name = Release;
		};
		E3C0848D1D8FF4230089EC43 /* Debug */ = {
			isa = XCBuildConfiguration;
			buildSettings = {
				ALWAYS_EMBED_SWIFT_STANDARD_LIBRARIES = YES;
				INFOPLIST_FILE = CProjectUITests/Info.plist;
				LD_RUNPATH_SEARCH_PATHS = "$(inherited) @executable_path/Frameworks @loader_path/Frameworks";
				PRODUCT_BUNDLE_IDENTIFIER = com.alex.CProjectUITests;
				PRODUCT_NAME = "$(TARGET_NAME)";
				SWIFT_VERSION = 3.0;
				TEST_TARGET_NAME = CProject;
			};
			name = Debug;
		};
		E3C0848E1D8FF4230089EC43 /* Release */ = {
			isa = XCBuildConfiguration;
			buildSettings = {
				ALWAYS_EMBED_SWIFT_STANDARD_LIBRARIES = YES;
				INFOPLIST_FILE = CProjectUITests/Info.plist;
				LD_RUNPATH_SEARCH_PATHS = "$(inherited) @executable_path/Frameworks @loader_path/Frameworks";
				PRODUCT_BUNDLE_IDENTIFIER = com.alex.CProjectUITests;
				PRODUCT_NAME = "$(TARGET_NAME)";
				SWIFT_VERSION = 3.0;
				TEST_TARGET_NAME = CProject;
			};
			name = Release;
		};
/* End XCBuildConfiguration section */

/* Begin XCConfigurationList section */
		E3C084591D8FF4230089EC43 /* Build configuration list for PBXProject "CProject" */ = {
			isa = XCConfigurationList;
			buildConfigurations = (
				E3C084841D8FF4230089EC43 /* Debug */,
				E3C084851D8FF4230089EC43 /* Release */,
			);
			defaultConfigurationIsVisible = 0;
			defaultConfigurationName = Release;
		};
		E3C084861D8FF4230089EC43 /* Build configuration list for PBXNativeTarget "CProject" */ = {
			isa = XCConfigurationList;
			buildConfigurations = (
				E3C084871D8FF4230089EC43 /* Debug */,
				E3C084881D8FF4230089EC43 /* Release */,
			);
			defaultConfigurationIsVisible = 0;
			defaultConfigurationName = Release;
		};
		E3C084891D8FF4230089EC43 /* Build configuration list for PBXNativeTarget "CProjectTests" */ = {
			isa = XCConfigurationList;
			buildConfigurations = (
				E3C0848A1D8FF4230089EC43 /* Debug */,
				E3C0848B1D8FF4230089EC43 /* Release */,
			);
			defaultConfigurationIsVisible = 0;
			defaultConfigurationName = Release;
		};
		E3C0848C1D8FF4230089EC43 /* Build configuration list for PBXNativeTarget "CProjectUITests" */ = {
			isa = XCConfigurationList;
			buildConfigurations = (
				E3C0848D1D8FF4230089EC43 /* Debug */,
				E3C0848E1D8FF4230089EC43 /* Release */,
			);
			defaultConfigurationIsVisible = 0;
			defaultConfigurationName = Release;
		};
/* End XCConfigurationList section */
	};
	rootObject = E3C084561D8FF4230089EC43 /* Project object */;
}
