// !$*UTF8*$!
{
	archiveVersion = 1;
	classes = {
	};
	objectVersion = 46;
	objects = {

/* Begin PBXBuildFile section */
		E3C084621D8FF4230089EC43 /* AppDelegate.swift in Sources */ = {isa = PBXBuildFile; fileRef = E3C084611D8FF4230089EC43 /* AppDelegate.swift */; };
		E3C084641D8FF4230089EC43 /* ViewController.swift in Sources */ = {isa = PBXBuildFile; fileRef = E3C084631D8FF4230089EC43 /* ViewController.swift */; };
		E3C084671D8FF4230089EC43 /* Main.storyboard in Resources */ = {isa = PBXBuildFile; fileRef = E3C084651D8FF4230089EC43 /* Main.storyboard */; };
		E3C084691D8FF4230089EC43 /* Assets.xcassets in Resources */ = {isa = PBXBuildFile; fileRef = E3C084681D8FF4230089EC43 /* Assets.xcassets */; };
		E3C0846C1D8FF4230089EC43 /* LaunchScreen.storyboard in Resources */ = {isa = PBXBuildFile; fileRef = E3C0846A1D8FF4230089EC43 /* LaunchScreen.storyboard */; };
		E3C084771D8FF4230089EC43 /* CProjectTests.swift in Sources */ = {isa = PBXBuildFile; fileRef = E3C084761D8FF4230089EC43 /* CProjectTests.swift */; };
		E3C084821D8FF4230089EC43 /* CProjectUITests.swift in Sources */ = {isa = PBXBuildFile; fileRef = E3C084811D8FF4230089EC43 /* CProjectUITests.swift */; };
		E3C084941D8FF5090089EC43 /* AFNetworking.framework in Frameworks */ = {isa = PBXBuildFile; fileRef = E3C084901D8FF5090089EC43 /* AFNetworking.framework */; };
		E3C084951D8FF5090089EC43 /* Alamofire.framework in Frameworks */ = {isa = PBXBuildFile; fileRef = E3C084911D8FF5090089EC43 /* Alamofire.framework */; };
		E3C084961D8FF5090089EC43 /* SnapKit.framework in Frameworks */ = {isa = PBXBuildFile; fileRef = E3C084921D8FF5090089EC43 /* SnapKit.framework */; };
		E3C084971D8FF5090089EC43 /* SVProgressHUD.framework in Frameworks */ = {isa = PBXBuildFile; fileRef = E3C084931D8FF5090089EC43 /* SVProgressHUD.framework */; };
		E3C0849E1D8FF5E70089EC43 /* AFNetworking.framework.dSYM in CopyFiles */ = {isa = PBXBuildFile; fileRef = E3C0849A1D8FF5E70089EC43 /* AFNetworking.framework.dSYM */; };
		E3C0849F1D8FF5E70089EC43 /* Alamofire.framework.dSYM in CopyFiles */ = {isa = PBXBuildFile; fileRef = E3C0849B1D8FF5E70089EC43 /* Alamofire.framework.dSYM */; };
		E3C084A01D8FF5E70089EC43 /* SnapKit.framework.dSYM in CopyFiles */ = {isa = PBXBuildFile; fileRef = E3C0849C1D8FF5E70089EC43 /* SnapKit.framework.dSYM */; };
		E3C084A11D8FF5E70089EC43 /* SVProgressHUD.framework.dSYM in CopyFiles */ = {isa = PBXBuildFile; fileRef = E3C0849D1D8FF5E70089EC43 /* SVProgressHUD.framework.dSYM */; };
		E3C084A51D903A5E0089EC43 /* WPFKeychain.swift in Sources */ = {isa = PBXBuildFile; fileRef = E3C084A41D903A5E0089EC43 /* WPFKeychain.swift */; };
		E3C084A71D903AC00089EC43 /* PDefine.swift in Sources */ = {isa = PBXBuildFile; fileRef = E3C084A61D903AC00089EC43 /* PDefine.swift */; };
/* End PBXBuildFile section */

/* Begin PBXContainerItemProxy section */
		E3C084731D8FF4230089EC43 /* PBXContainerItemProxy */ = {
			isa = PBXContainerItemProxy;
			containerPortal = E3C084561D8FF4230089EC43 /* Project object */;
			proxyType = 1;
			remoteGlobalIDString = E3C0845D1D8FF4230089EC43;
			remoteInfo = CProject;
		};
		E3C0847E1D8FF4230089EC43 /* PBXContainerItemProxy */ = {
			isa = PBXContainerItemProxy;
			containerPortal = E3C084561D8FF4230089EC43 /* Project object */;
			proxyType = 1;
			remoteGlobalIDString = E3C0845D1D8FF4230089EC43;
			remoteInfo = CProject;
		};
/* End PBXContainerItemProxy section */

/* Begin PBXCopyFilesBuildPhase section */
		E3C084991D8FF5B50089EC43 /* CopyFiles */ = {
			isa = PBXCopyFilesBuildPhase;
			buildActionMask = 2147483647;
			dstPath = "";
			dstSubfolderSpec = 16;
			files = (
				E3C0849E1D8FF5E70089EC43 /* AFNetworking.framework.dSYM in CopyFiles */,
				E3C0849F1D8FF5E70089EC43 /* Alamofire.framework.dSYM in CopyFiles */,
				E3C084A01D8FF5E70089EC43 /* SnapKit.framework.dSYM in CopyFiles */,
				E3C084A11D8FF5E70089EC43 /* SVProgressHUD.framework.dSYM in CopyFiles */,
			);
			runOnlyForDeploymentPostprocessing = 0;
		};
/* End PBXCopyFilesBuildPhase section */

/* Begin PBXFileReference section */
		E3C0845E1D8FF4230089EC43 /* CProject.app */ = {isa = PBXFileReference; explicitFileType = wrapper.application; includeInIndex = 0; path = CProject.app; sourceTree = BUILT_PRODUCTS_DIR; };
		E3C084611D8FF4230089EC43 /* AppDelegate.swift */ = {isa = PBXFileReference; lastKnownFileType = sourcecode.swift; path = AppDelegate.swift; sourceTree = "<group>"; };
		E3C084631D8FF4230089EC43 /* ViewController.swift */ = {isa = PBXFileReference; lastKnownFileType = sourcecode.swift; path = ViewController.swift; sourceTree = "<group>"; };
		E3C084661D8FF4230089EC43 /* Base */ = {isa = PBXFileReference; lastKnownFileType = file.storyboard; name = Base; path = Base.lproj/Main.storyboard; sourceTree = "<group>"; };
		E3C084681D8FF4230089EC43 /* Assets.xcassets */ = {isa = PBXFileReference; lastKnownFileType = folder.assetcatalog; path = Assets.xcassets; sourceTree = "<group>"; };
		E3C0846B1D8FF4230089EC43 /* Base */ = {isa = PBXFileReference; lastKnownFileType = file.storyboard; name = Base; path = Base.lproj/LaunchScreen.storyboard; sourceTree = "<group>"; };
		E3C0846D1D8FF4230089EC43 /* Info.plist */ = {isa = PBXFileReference; lastKnownFileType = text.plist.xml; path = Info.plist; sourceTree = "<group>"; };
		E3C084721D8FF4230089EC43 /* CProjectTests.xctest */ = {isa = PBXFileReference; explicitFileType = wrapper.cfbundle; includeInIndex = 0; path = CProjectTests.xctest; sourceTree = BUILT_PRODUCTS_DIR; };
		E3C084761D8FF4230089EC43 /* CProjectTests.swift */ = {isa = PBXFileReference; lastKnownFileType = sourcecode.swift; path = CProjectTests.swift; sourceTree = "<group>"; };
		E3C084781D8FF4230089EC43 /* Info.plist */ = {isa = PBXFileReference; lastKnownFileType = text.plist.xml; path = Info.plist; sourceTree = "<group>"; };
		E3C0847D1D8FF4230089EC43 /* CProjectUITests.xctest */ = {isa = PBXFileReference; explicitFileType = wrapper.cfbundle; includeInIndex = 0; path = CProjectUITests.xctest; sourceTree = BUILT_PRODUCTS_DIR; };
		E3C084811D8FF4230089EC43 /* CProjectUITests.swift */ = {isa = PBXFileReference; lastKnownFileType = sourcecode.swift; path = CProjectUITests.swift; sourceTree = "<group>"; };
		E3C084831D8FF4230089EC43 /* Info.plist */ = {isa = PBXFileReference; lastKnownFileType = text.plist.xml; path = Info.plist; sourceTree = "<group>"; };
		E3C084901D8FF5090089EC43 /* AFNetworking.framework */ = {isa = PBXFileReference; lastKnownFileType = wrapper.framework; name = AFNetworking.framework; path = Carthage/Build/iOS/AFNetworking.framework; sourceTree = "<group>"; };
		E3C084911D8FF5090089EC43 /* Alamofire.framework */ = {isa = PBXFileReference; lastKnownFileType = wrapper.framework; name = Alamofire.framework; path = Carthage/Build/iOS/Alamofire.framework; sourceTree = "<group>"; };
		E3C084921D8FF5090089EC43 /* SnapKit.framework */ = {isa = PBXFileReference; lastKnownFileType = wrapper.framework; name = SnapKit.framework; path = Carthage/Build/iOS/SnapKit.framework; sourceTree = "<group>"; };
		E3C084931D8FF5090089EC43 /* SVProgressHUD.framework */ = {isa = PBXFileReference; lastKnownFileType = wrapper.framework; name = SVProgressHUD.framework; path = Carthage/Build/iOS/SVProgressHUD.framework; sourceTree = "<group>"; };
		E3C0849A1D8FF5E70089EC43 /* AFNetworking.framework.dSYM */ = {isa = PBXFileReference; lastKnownFileType = wrapper.dsym; name = AFNetworking.framework.dSYM; path = ../../Carthage/Build/iOS/AFNetworking.framework.dSYM; sourceTree = "<group>"; };
		E3C0849B1D8FF5E70089EC43 /* Alamofire.framework.dSYM */ = {isa = PBXFileReference; lastKnownFileType = wrapper.dsym; name = Alamofire.framework.dSYM; path = ../../Carthage/Build/iOS/Alamofire.framework.dSYM; sourceTree = "<group>"; };
		E3C0849C1D8FF5E70089EC43 /* SnapKit.framework.dSYM */ = {isa = PBXFileReference; lastKnownFileType = wrapper.dsym; name = SnapKit.framework.dSYM; path = ../../Carthage/Build/iOS/SnapKit.framework.dSYM; sourceTree = "<group>"; };
		E3C0849D1D8FF5E70089EC43 /* SVProgressHUD.framework.dSYM */ = {isa = PBXFileReference; lastKnownFileType = wrapper.dsym; name = SVProgressHUD.framework.dSYM; path = ../../Carthage/Build/iOS/SVProgressHUD.framework.dSYM; sourceTree = "<group>"; };
		E3C084A41D903A5E0089EC43 /* WPFKeychain.swift */ = {isa = PBXFileReference; fileEncoding = 4; lastKnownFileType = sourcecode.swift; path = WPFKeychain.swift; sourceTree = "<group>"; };
		E3C084A61D903AC00089EC43 /* PDefine.swift */ = {isa = PBXFileReference; fileEncoding = 4; lastKnownFileType = sourcecode.swift; path = PDefine.swift; sourceTree = "<group>"; };
/* End PBXFileReference section */

/* Begin PBXFrameworksBuildPhase section */
		E3C0845B1D8FF4230089EC43 /* Frameworks */ = {
			isa = PBXFrameworksBuildPhase;
			buildActionMask = 2147483647;
			files = (
				E3C084941D8FF5090089EC43 /* AFNetworking.framework in Frameworks */,
				E3C084951D8FF5090089EC43 /* Alamofire.framework in Frameworks */,
				E3C084961D8FF5090089EC43 /* SnapKit.framework in Frameworks */,
				E3C084971D8FF5090089EC43 /* SVProgressHUD.framework in Frameworks */,
			);
			runOnlyForDeploymentPostprocessing = 0;
		};
		E3C0846F1D8FF4230089EC43 /* Frameworks */ = {
			isa = PBXFrameworksBuildPhase;
			buildActionMask = 2147483647;
			files = (
			);
			runOnlyForDeploymentPostprocessing = 0;
		};
		E3C0847A1D8FF4230089EC43 /* Frameworks */ = {
			isa = PBXFrameworksBuildPhase;
			buildActionMask = 2147483647;
			files = (
			);
			runOnlyForDeploymentPostprocessing = 0;
		};
/* End PBXFrameworksBuildPhase section */

/* Begin PBXGroup section */
		E3C084551D8FF4230089EC43 = {
			isa = PBXGroup;
			children = (
				E3C084A31D9033470089EC43 /* Tools */,
				E3C084601D8FF4230089EC43 /* CProject */,
				E3C084751D8FF4230089EC43 /* CProjectTests */,
				E3C084801D8FF4230089EC43 /* CProjectUITests */,
				E3C0845F1D8FF4230089EC43 /* Products */,
				E3C0848F1D8FF5090089EC43 /* Frameworks */,
			);
			sourceTree = "<group>";
		};
		E3C0845F1D8FF4230089EC43 /* Products */ = {
			isa = PBXGroup;
			children = (
				E3C0845E1D8FF4230089EC43 /* CProject.app */,
				E3C084721D8FF4230089EC43 /* CProjectTests.xctest */,
				E3C0847D1D8FF4230089EC43 /* CProjectUITests.xctest */,
			);
			name = Products;
			sourceTree = "<group>";
		};
		E3C084601D8FF4230089EC43 /* CProject */ = {
			isa = PBXGroup;
			children = (
				E3C084611D8FF4230089EC43 /* AppDelegate.swift */,
				E3C084631D8FF4230089EC43 /* ViewController.swift */,
				E3C084681D8FF4230089EC43 /* Assets.xcassets */,
				E3C0846D1D8FF4230089EC43 /* Info.plist */,
				E3C084A21D8FF63D0089EC43 /* dSYM */,
				E3C084651D8FF4230089EC43 /* Main.storyboard */,
				E3C0846A1D8FF4230089EC43 /* LaunchScreen.storyboard */,
			);
			path = CProject;
			sourceTree = "<group>";
		};
		E3C084751D8FF4230089EC43 /* CProjectTests */ = {
			isa = PBXGroup;
			children = (
				E3C084761D8FF4230089EC43 /* CProjectTests.swift */,
				E3C084781D8FF4230089EC43 /* Info.plist */,
			);
			path = CProjectTests;
			sourceTree = "<group>";
		};
		E3C084801D8FF4230089EC43 /* CProjectUITests */ = {
			isa = PBXGroup;
			children = (
				E3C084811D8FF4230089EC43 /* CProjectUITests.swift */,
				E3C084831D8FF4230089EC43 /* Info.plist */,
			);
			path = CProjectUITests;
			sourceTree = "<group>";
		};
		E3C0848F1D8FF5090089EC43 /* Frameworks */ = {
			isa = PBXGroup;
			children = (
				E3C084901D8FF5090089EC43 /* AFNetworking.framework */,
				E3C084911D8FF5090089EC43 /* Alamofire.framework */,
				E3C084921D8FF5090089EC43 /* SnapKit.framework */,
				E3C084931D8FF5090089EC43 /* SVProgressHUD.framework */,
			);
			name = Frameworks;
			sourceTree = "<group>";
		};
		E3C084A21D8FF63D0089EC43 /* dSYM */ = {
			isa = PBXGroup;
			children = (
				E3C0849A1D8FF5E70089EC43 /* AFNetworking.framework.dSYM */,
				E3C0849B1D8FF5E70089EC43 /* Alamofire.framework.dSYM */,
				E3C0849C1D8FF5E70089EC43 /* SnapKit.framework.dSYM */,
				E3C0849D1D8FF5E70089EC43 /* SVProgressHUD.framework.dSYM */,
			);
			path = dSYM;
			sourceTree = "<group>";
		};
		E3C084A31D9033470089EC43 /* Tools */ = {
			isa = PBXGroup;
			children = (
				E3C084A41D903A5E0089EC43 /* WPFKeychain.swift */,
				E3C084A61D903AC00089EC43 /* PDefine.swift */,
			);
			path = Tools;
			sourceTree = "<group>";
		};
/* End PBXGroup section */

/* Begin PBXNativeTarget section */
		E3C0845D1D8FF4230089EC43 /* CProject */ = {
			isa = PBXNativeTarget;
			buildConfigurationList = E3C084861D8FF4230089EC43 /* Build configuration list for PBXNativeTarget "CProject" */;
			buildPhases = (
				E3C0845A1D8FF4230089EC43 /* Sources */,
				E3C0845B1D8FF4230089EC43 /* Frameworks */,
				E3C0845C1D8FF4230089EC43 /* Resources */,
				E3C084981D8FF50C0089EC43 /* ShellScript */,
				E3C084991D8FF5B50089EC43 /* CopyFiles */,
			);
			buildRules = (
			);
			dependencies = (
			);
			name = CProject;
			productName = CProject;
			productReference = E3C0845E1D8FF4230089EC43 /* CProject.app */;
			productType = "com.apple.product-type.application";
		};
		E3C084711D8FF4230089EC43 /* CProjectTests */ = {
			isa = PBXNativeTarget;
			buildConfigurationList = E3C084891D8FF4230089EC43 /* Build configuration list for PBXNativeTarget "CProjectTests" */;
			buildPhases = (
				E3C0846E1D8FF4230089EC43 /* Sources */,
				E3C0846F1D8FF4230089EC43 /* Frameworks */,
				E3C084701D8FF4230089EC43 /* Resources */,
			);
			buildRules = (
			);
			dependencies = (
				E3C084741D8FF4230089EC43 /* PBXTargetDependency */,
			);
			name = CProjectTests;
			productName = CProjectTests;
			productReference = E3C084721D8FF4230089EC43 /* CProjectTests.xctest */;
			productType = "com.apple.product-type.bundle.unit-test";
		};
		E3C0847C1D8FF4230089EC43 /* CProjectUITests */ = {
			isa = PBXNativeTarget;
			buildConfigurationList = E3C0848C1D8FF4230089EC43 /* Build configuration list for PBXNativeTarget "CProjectUITests" */;
			buildPhases = (
				E3C084791D8FF4230089EC43 /* Sources */,
				E3C0847A1D8FF4230089EC43 /* Frameworks */,
				E3C0847B1D8FF4230089EC43 /* Resources */,
			);
			buildRules = (
			);
			dependencies = (
				E3C0847F1D8FF4230089EC43 /* PBXTargetDependency */,
			);
			name = CProjectUITests;
			productName = CProjectUITests;
			productReference = E3C0847D1D8FF4230089EC43 /* CProjectUITests.xctest */;
			productType = "com.apple.product-type.bundle.ui-testing";
		};
/* End PBXNativeTarget section */

/* Begin PBXProject section */
		E3C084561D8FF4230089EC43 /* Project object */ = {
			isa = PBXProject;
			attributes = {
				LastSwiftUpdateCheck = 0800;
				LastUpgradeCheck = 0800;
				ORGANIZATIONNAME = alex;
				TargetAttributes = {
					E3C0845D1D8FF4230089EC43 = {
						CreatedOnToolsVersion = 8.0;
						DevelopmentTeam = 9GUW4K86M5;
						ProvisioningStyle = Automatic;
					};
					E3C084711D8FF4230089EC43 = {
						CreatedOnToolsVersion = 8.0;
						ProvisioningStyle = Automatic;
						TestTargetID = E3C0845D1D8FF4230089EC43;
					};
					E3C0847C1D8FF4230089EC43 = {
						CreatedOnToolsVersion = 8.0;
						ProvisioningStyle = Automatic;
						TestTargetID = E3C0845D1D8FF4230089EC43;
					};
				};
			};
			buildConfigurationList = E3C084591D8FF4230089EC43 /* Build configuration list for PBXProject "CProject" */;
			compatibilityVersion = "Xcode 3.2";
			developmentRegion = English;
			hasScannedForEncodings = 0;
			knownRegions = (
				en,
				Base,
			);
			mainGroup = E3C084551D8FF4230089EC43;
			productRefGroup = E3C0845F1D8FF4230089EC43 /* Products */;
			projectDirPath = "";
			projectRoot = "";
			targets = (
				E3C0845D1D8FF4230089EC43 /* CProject */,
				E3C084711D8FF4230089EC43 /* CProjectTests */,
				E3C0847C1D8FF4230089EC43 /* CProjectUITests */,
			);
		};
/* End PBXProject section */

/* Begin PBXResourcesBuildPhase section */
		E3C0845C1D8FF4230089EC43 /* Resources */ = {
			isa = PBXResourcesBuildPhase;
			buildActionMask = 2147483647;
			files = (
				E3C0846C1D8FF4230089EC43 /* LaunchScreen.storyboard in Resources */,
				E3C084691D8FF4230089EC43 /* Assets.xcassets in Resources */,
				E3C084671D8FF4230089EC43 /* Main.storyboard in Resources */,
			);
			runOnlyForDeploymentPostprocessing = 0;
		};
		E3C084701D8FF4230089EC43 /* Resources */ = {
			isa = PBXResourcesBuildPhase;
			buildActionMask = 2147483647;
			files = (
			);
			runOnlyForDeploymentPostprocessing = 0;
		};
		E3C0847B1D8FF4230089EC43 /* Resources */ = {
			isa = PBXResourcesBuildPhase;
			buildActionMask = 2147483647;
			files = (
			);
			runOnlyForDeploymentPostprocessing = 0;
		};
/* End PBXResourcesBuildPhase section */

/* Begin PBXShellScriptBuildPhase section */
		E3C084981D8FF50C0089EC43 /* ShellScript */ = {
			isa = PBXShellScriptBuildPhase;
			buildActionMask = 2147483647;
			files = (
			);
			inputPaths = (
				"$(SRCROOT)/Carthage/Build/iOS/AFNetworking.framework",
				"$(SRCROOT)/Carthage/Build/iOS/Alamofire.framework",
				"$(SRCROOT)/Carthage/Build/iOS/SnapKit.framework",
				"$(SRCROOT)/Carthage/Build/iOS/SVProgressHUD.framework",
			);
			outputPaths = (
			);
			runOnlyForDeploymentPostprocessing = 0;
			shellPath = /bin/sh;
			shellScript = "/usr/local/bin/carthage copy-frameworks";
		};
/* End PBXShellScriptBuildPhase section */

/* Begin PBXSourcesBuildPhase section */
		E3C0845A1D8FF4230089EC43 /* Sources */ = {
			isa = PBXSourcesBuildPhase;
			buildActionMask = 2147483647;
			files = (
				E3C084641D8FF4230089EC43 /* ViewController.swift in Sources */,
				E3C084A51D903A5E0089EC43 /* WPFKeychain.swift in Sources */,
				E3C084621D8FF4230089EC43 /* AppDelegate.swift in Sources */,
				E3C084A71D903AC00089EC43 /* PDefine.swift in Sources */,
			);
			runOnlyForDeploymentPostprocessing = 0;
		};
		E3C0846E1D8FF4230089EC43 /* Sources */ = {
			isa = PBXSourcesBuildPhase;
			buildActionMask = 2147483647;
			files = (
				E3C084771D8FF4230089EC43 /* CProjectTests.swift in Sources */,
			);
			runOnlyForDeploymentPostprocessing = 0;
		};
		E3C084791D8FF4230089EC43 /* Sources */ = {
			isa = PBXSourcesBuildPhase;
			buildActionMask = 2147483647;
			files = (
				E3C084821D8FF4230089EC43 /* CProjectUITests.swift in Sources */,
			);
			runOnlyForDeploymentPostprocessing = 0;
		};
/* End PBXSourcesBuildPhase section */

/* Begin PBXTargetDependency section */
		E3C084741D8FF4230089EC43 /* PBXTargetDependency */ = {
			isa = PBXTargetDependency;
			target = E3C0845D1D8FF4230089EC43 /* CProject */;
			targetProxy = E3C084731D8FF4230089EC43 /* PBXContainerItemProxy */;
		};
		E3C0847F1D8FF4230089EC43 /* PBXTargetDependency */ = {
			isa = PBXTargetDependency;
			target = E3C0845D1D8FF4230089EC43 /* CProject */;
			targetProxy = E3C0847E1D8FF4230089EC43 /* PBXContainerItemProxy */;
		};
/* End PBXTargetDependency section */

/* Begin PBXVariantGroup section */
		E3C084651D8FF4230089EC43 /* Main.storyboard */ = {
			isa = PBXVariantGroup;
			children = (
				E3C084661D8FF4230089EC43 /* Base */,
			);
			name = Main.storyboard;
			sourceTree = "<group>";
		};
		E3C0846A1D8FF4230089EC43 /* LaunchScreen.storyboard */ = {
			isa = PBXVariantGroup;
			children = (
				E3C0846B1D8FF4230089EC43 /* Base */,
			);
			name = LaunchScreen.storyboard;
			sourceTree = "<group>";
		};
/* End PBXVariantGroup section */

/* Begin XCBuildConfiguration section */
		E3C084841D8FF4230089EC43 /* Debug */ = {
			isa = XCBuildConfiguration;
			buildSettings = {
				ALWAYS_SEARCH_USER_PATHS = NO;
				CLANG_ANALYZER_NONNULL = YES;
				CLANG_CXX_LANGUAGE_STANDARD = "gnu++0x";
				CLANG_CXX_LIBRARY = "libc++";
				CLANG_ENABLE_MODULES = YES;
				CLANG_ENABLE_OBJC_ARC = YES;
				CLANG_WARN_BOOL_CONVERSION = YES;
				CLANG_WARN_CONSTANT_CONVERSION = YES;
				CLANG_WARN_DIRECT_OBJC_ISA_USAGE = YES_ERROR;
				CLANG_WARN_DOCUMENTATION_COMMENTS = YES;
				CLANG_WARN_EMPTY_BODY = YES;
				CLANG_WARN_ENUM_CONVERSION = YES;
				CLANG_WARN_INFINITE_RECURSION = YES;
				CLANG_WARN_INT_CONVERSION = YES;
				CLANG_WARN_OBJC_ROOT_CLASS = YES_ERROR;
				CLANG_WARN_SUSPICIOUS_MOVES = YES;
				CLANG_WARN_UNREACHABLE_CODE = YES;
				CLANG_WARN__DUPLICATE_METHOD_MATCH = YES;
				"CODE_SIGN_IDENTITY[sdk=iphoneos*]" = "iPhone Developer";
				COPY_PHASE_STRIP = NO;
				DEBUG_INFORMATION_FORMAT = dwarf;
				ENABLE_STRICT_OBJC_MSGSEND = YES;
				ENABLE_TESTABILITY = YES;
				GCC_C_LANGUAGE_STANDARD = gnu99;
				GCC_DYNAMIC_NO_PIC = NO;
				GCC_NO_COMMON_BLOCKS = YES;
				GCC_OPTIMIZATION_LEVEL = 0;
				GCC_PREPROCESSOR_DEFINITIONS = (
					"DEBUG=1",
					"$(inherited)",
				);
				GCC_WARN_64_TO_32_BIT_CONVERSION = YES;
				GCC_WARN_ABOUT_RETURN_TYPE = YES_ERROR;
				GCC_WARN_UNDECLARED_SELECTOR = YES;
				GCC_WARN_UNINITIALIZED_AUTOS = YES_AGGRESSIVE;
				GCC_WARN_UNUSED_FUNCTION = YES;
				GCC_WARN_UNUSED_VARIABLE = YES;
				IPHONEOS_DEPLOYMENT_TARGET = 10.0;
				MTL_ENABLE_DEBUG_INFO = YES;
				ONLY_ACTIVE_ARCH = YES;
				SDKROOT = iphoneos;
				SWIFT_ACTIVE_COMPILATION_CONDITIONS = DEBUG;
				SWIFT_OPTIMIZATION_LEVEL = "-Onone";
				TARGETED_DEVICE_FAMILY = "1,2";
			};
			name = Debug;
		};
		E3C084851D8FF4230089EC43 /* Release */ = {
			isa = XCBuildConfiguration;
			buildSettings = {
				ALWAYS_SEARCH_USER_PATHS = NO;
				CLANG_ANALYZER_NONNULL = YES;
				CLANG_CXX_LANGUAGE_STANDARD = "gnu++0x";
				CLANG_CXX_LIBRARY = "libc++";
				CLANG_ENABLE_MODULES = YES;
				CLANG_ENABLE_OBJC_ARC = YES;
				CLANG_WARN_BOOL_CONVERSION = YES;
				CLANG_WARN_CONSTANT_CONVERSION = YES;
				CLANG_WARN_DIRECT_OBJC_ISA_USAGE = YES_ERROR;
				CLANG_WARN_DOCUMENTATION_COMMENTS = YES;
				CLANG_WARN_EMPTY_BODY = YES;
				CLANG_WARN_ENUM_CONVERSION = YES;
				CLANG_WARN_INFINITE_RECURSION = YES;
				CLANG_WARN_INT_CONVERSION = YES;
				CLANG_WARN_OBJC_ROOT_CLASS = YES_ERROR;
				CLANG_WARN_SUSPICIOUS_MOVES = YES;
				CLANG_WARN_UNREACHABLE_CODE = YES;
				CLANG_WARN__DUPLICATE_METHOD_MATCH = YES;
				"CODE_SIGN_IDENTITY[sdk=iphoneos*]" = "iPhone Developer";
				COPY_PHASE_STRIP = NO;
				DEBUG_INFORMATION_FORMAT = "dwarf-with-dsym";
				ENABLE_NS_ASSERTIONS = NO;
				ENABLE_STRICT_OBJC_MSGSEND = YES;
				GCC_C_LANGUAGE_STANDARD = gnu99;
				GCC_NO_COMMON_BLOCKS = YES;
				GCC_WARN_64_TO_32_BIT_CONVERSION = YES;
				GCC_WARN_ABOUT_RETURN_TYPE = YES_ERROR;
				GCC_WARN_UNDECLARED_SELECTOR = YES;
				GCC_WARN_UNINITIALIZED_AUTOS = YES_AGGRESSIVE;
				GCC_WARN_UNUSED_FUNCTION = YES;
				GCC_WARN_UNUSED_VARIABLE = YES;
				IPHONEOS_DEPLOYMENT_TARGET = 10.0;
				MTL_ENABLE_DEBUG_INFO = NO;
				SDKROOT = iphoneos;
				SWIFT_OPTIMIZATION_LEVEL = "-Owholemodule";
				TARGETED_DEVICE_FAMILY = "1,2";
				VALIDATE_PRODUCT = YES;
			};
			name = Release;
		};
		E3C084871D8FF4230089EC43 /* Debug */ = {
			isa = XCBuildConfiguration;
			buildSettings = {
				ASSETCATALOG_COMPILER_APPICON_NAME = AppIcon;
				DEVELOPMENT_TEAM = 9GUW4K86M5;
				FRAMEWORK_SEARCH_PATHS = (
					"$(inherited)",
					"$(PROJECT_DIR)/Carthage/Build/iOS",
				);
				INFOPLIST_FILE = CProject/Info.plist;
				LD_RUNPATH_SEARCH_PATHS = "$(inherited) @executable_path/Frameworks";
				PRODUCT_BUNDLE_IDENTIFIER = com.alex.CProject;
				PRODUCT_NAME = "$(TARGET_NAME)";
				SWIFT_VERSION = 3.0;
			};
			name = Debug;
		};
		E3C084881D8FF4230089EC43 /* Release */ = {
			isa = XCBuildConfiguration;
			buildSettings = {
				ASSETCATALOG_COMPILER_APPICON_NAME = AppIcon;
				DEVELOPMENT_TEAM = 9GUW4K86M5;
				FRAMEWORK_SEARCH_PATHS = (
					"$(inherited)",
					"$(PROJECT_DIR)/Carthage/Build/iOS",
				);
				INFOPLIST_FILE = CProject/Info.plist;
				LD_RUNPATH_SEARCH_PATHS = "$(inherited) @executable_path/Frameworks";
				PRODUCT_BUNDLE_IDENTIFIER = com.alex.CProject;
				PRODUCT_NAME = "$(TARGET_NAME)";
				SWIFT_VERSION = 3.0;
			};
			name = Release;
		};
		E3C0848A1D8FF4230089EC43 /* Debug */ = {
			isa = XCBuildConfiguration;
			buildSettings = {
				ALWAYS_EMBED_SWIFT_STANDARD_LIBRARIES = YES;
				BUNDLE_LOADER = "$(TEST_HOST)";
				INFOPLIST_FILE = CProjectTests/Info.plist;
				LD_RUNPATH_SEARCH_PATHS = "$(inherited) @executable_path/Frameworks @loader_path/Frameworks";
				PRODUCT_BUNDLE_IDENTIFIER = com.alex.CProjectTests;
				PRODUCT_NAME = "$(TARGET_NAME)";
				SWIFT_VERSION = 3.0;
				TEST_HOST = "$(BUILT_PRODUCTS_DIR)/CProject.app/CProject";
			};
			name = Debug;
		};
		E3C0848B1D8FF4230089EC43 /* Release */ = {
			isa = XCBuildConfiguration;
			buildSettings = {
				ALWAYS_EMBED_SWIFT_STANDARD_LIBRARIES = YES;
				BUNDLE_LOADER = "$(TEST_HOST)";
				INFOPLIST_FILE = CProjectTests/Info.plist;
				LD_RUNPATH_SEARCH_PATHS = "$(inherited) @executable_path/Frameworks @loader_path/Frameworks";
				PRODUCT_BUNDLE_IDENTIFIER = com.alex.CProjectTests;
				PRODUCT_NAME = "$(TARGET_NAME)";
				SWIFT_VERSION = 3.0;
				TEST_HOST = "$(BUILT_PRODUCTS_DIR)/CProject.app/CProject";
			};
			name = Release;
		};
		E3C0848D1D8FF4230089EC43 /* Debug */ = {
			isa = XCBuildConfiguration;
			buildSettings = {
				ALWAYS_EMBED_SWIFT_STANDARD_LIBRARIES = YES;
				INFOPLIST_FILE = CProjectUITests/Info.plist;
				LD_RUNPATH_SEARCH_PATHS = "$(inherited) @executable_path/Frameworks @loader_path/Frameworks";
				PRODUCT_BUNDLE_IDENTIFIER = com.alex.CProjectUITests;
				PRODUCT_NAME = "$(TARGET_NAME)";
				SWIFT_VERSION = 3.0;
				TEST_TARGET_NAME = CProject;
			};
			name = Debug;
		};
		E3C0848E1D8FF4230089EC43 /* Release */ = {
			isa = XCBuildConfiguration;
			buildSettings = {
				ALWAYS_EMBED_SWIFT_STANDARD_LIBRARIES = YES;
				INFOPLIST_FILE = CProjectUITests/Info.plist;
				LD_RUNPATH_SEARCH_PATHS = "$(inherited) @executable_path/Frameworks @loader_path/Frameworks";
				PRODUCT_BUNDLE_IDENTIFIER = com.alex.CProjectUITests;
				PRODUCT_NAME = "$(TARGET_NAME)";
				SWIFT_VERSION = 3.0;
				TEST_TARGET_NAME = CProject;
			};
			name = Release;
		};
/* End XCBuildConfiguration section */

/* Begin XCConfigurationList section */
		E3C084591D8FF4230089EC43 /* Build configuration list for PBXProject "CProject" */ = {
			isa = XCConfigurationList;
			buildConfigurations = (
				E3C084841D8FF4230089EC43 /* Debug */,
				E3C084851D8FF4230089EC43 /* Release */,
			);
			defaultConfigurationIsVisible = 0;
			defaultConfigurationName = Release;
		};
		E3C084861D8FF4230089EC43 /* Build configuration list for PBXNativeTarget "CProject" */ = {
			isa = XCConfigurationList;
			buildConfigurations = (
				E3C084871D8FF4230089EC43 /* Debug */,
				E3C084881D8FF4230089EC43 /* Release */,
			);
			defaultConfigurationIsVisible = 0;
		};
		E3C084891D8FF4230089EC43 /* Build configuration list for PBXNativeTarget "CProjectTests" */ = {
			isa = XCConfigurationList;
			buildConfigurations = (
				E3C0848A1D8FF4230089EC43 /* Debug */,
				E3C0848B1D8FF4230089EC43 /* Release */,
			);
			defaultConfigurationIsVisible = 0;
		};
		E3C0848C1D8FF4230089EC43 /* Build configuration list for PBXNativeTarget "CProjectUITests" */ = {
			isa = XCConfigurationList;
			buildConfigurations = (
				E3C0848D1D8FF4230089EC43 /* Debug */,
				E3C0848E1D8FF4230089EC43 /* Release */,
			);
			defaultConfigurationIsVisible = 0;
		};
/* End XCConfigurationList section */
	};
	rootObject = E3C084561D8FF4230089EC43 /* Project object */;
}
